// !$*UTF8*$!
{
	archiveVersion = 1;
	classes = {
	};
	objectVersion = 56;
	objects = {

/* Begin PBXBuildFile section */
		3953D255D571566D594FC1FC /* Pods_HarryPotter.framework in Frameworks */ = {isa = PBXBuildFile; fileRef = 0BF172E57AA8E52A472CC23A /* Pods_HarryPotter.framework */; };
		AF4ACC0E2AC380E900AB8540 /* HPSpellInfoListViewCellViewModel.swift in Sources */ = {isa = PBXBuildFile; fileRef = AF4ACC0D2AC380E900AB8540 /* HPSpellInfoListViewCellViewModel.swift */; };
		AF4ACC122AC3DB8300AB8540 /* HPGetPotionsResponse.swift in Sources */ = {isa = PBXBuildFile; fileRef = AF4ACC112AC3DB8300AB8540 /* HPGetPotionsResponse.swift */; };
		AF4ACC142AC3DBBF00AB8540 /* HPPotion.swift in Sources */ = {isa = PBXBuildFile; fileRef = AF4ACC132AC3DBBF00AB8540 /* HPPotion.swift */; };
		AF4ACC162AC4BD1A00AB8540 /* HPPotionViewController.swift in Sources */ = {isa = PBXBuildFile; fileRef = AF4ACC152AC4BD1A00AB8540 /* HPPotionViewController.swift */; };
		AF4ACC192AC4BE0B00AB8540 /* HPPotionListView.swift in Sources */ = {isa = PBXBuildFile; fileRef = AF4ACC182AC4BE0B00AB8540 /* HPPotionListView.swift */; };
		AF4ACC1C2AC4BEE400AB8540 /* HPPotionListViewViewModel.swift in Sources */ = {isa = PBXBuildFile; fileRef = AF4ACC1B2AC4BEE400AB8540 /* HPPotionListViewViewModel.swift */; };
		AF4ACC1E2AC4C3B400AB8540 /* HPPotionDetailViewController.swift in Sources */ = {isa = PBXBuildFile; fileRef = AF4ACC1D2AC4C3B400AB8540 /* HPPotionDetailViewController.swift */; };
		AF4ACC212AC4C45A00AB8540 /* HPPotionDetailView.swift in Sources */ = {isa = PBXBuildFile; fileRef = AF4ACC202AC4C45A00AB8540 /* HPPotionDetailView.swift */; };
		AF4ACC242AC4C4B900AB8540 /* HPPotionDetailViewViewModel.swift in Sources */ = {isa = PBXBuildFile; fileRef = AF4ACC232AC4C4B900AB8540 /* HPPotionDetailViewViewModel.swift */; };
		AF4ACC262AC4D1A600AB8540 /* HPSearchViewController.swift in Sources */ = {isa = PBXBuildFile; fileRef = AF4ACC252AC4D1A600AB8540 /* HPSearchViewController.swift */; };
		AF4ACC282AC7495700AB8540 /* HPSettingsViewController.swift in Sources */ = {isa = PBXBuildFile; fileRef = AF4ACC272AC7495700AB8540 /* HPSettingsViewController.swift */; };
		AF4ACC2B2AC749A200AB8540 /* HPSettingsViewViewModel.swift in Sources */ = {isa = PBXBuildFile; fileRef = AF4ACC2A2AC749A200AB8540 /* HPSettingsViewViewModel.swift */; };
		AF4ACC2D2AC749FF00AB8540 /* HPSettingsCellViewModel.swift in Sources */ = {isa = PBXBuildFile; fileRef = AF4ACC2C2AC749FF00AB8540 /* HPSettingsCellViewModel.swift */; };
		AF4ACC2F2AC74AA300AB8540 /* HPSettingsOption.swift in Sources */ = {isa = PBXBuildFile; fileRef = AF4ACC2E2AC74AA300AB8540 /* HPSettingsOption.swift */; };
		AF4ACC322AC74FEE00AB8540 /* HPSettingsView.swift in Sources */ = {isa = PBXBuildFile; fileRef = AF4ACC312AC74FEE00AB8540 /* HPSettingsView.swift */; };
		AF4ACC342ACCC75A00AB8540 /* SplashViewController.swift in Sources */ = {isa = PBXBuildFile; fileRef = AF4ACC332ACCC75A00AB8540 /* SplashViewController.swift */; };
		AF4ACC372ACCD1BA00AB8540 /* HPSearchView.swift in Sources */ = {isa = PBXBuildFile; fileRef = AF4ACC362ACCD1BA00AB8540 /* HPSearchView.swift */; };
		AF4ACC392ACCD23100AB8540 /* HPSearchViewViewModel.swift in Sources */ = {isa = PBXBuildFile; fileRef = AF4ACC382ACCD23100AB8540 /* HPSearchViewViewModel.swift */; };
		AF4ACC3B2ACCD41A00AB8540 /* HPNoSearchResultsView.swift in Sources */ = {isa = PBXBuildFile; fileRef = AF4ACC3A2ACCD41A00AB8540 /* HPNoSearchResultsView.swift */; };
		AF4ACC3E2ACCD46200AB8540 /* HPNoSearchResultsViewViewModel.swift in Sources */ = {isa = PBXBuildFile; fileRef = AF4ACC3D2ACCD46200AB8540 /* HPNoSearchResultsViewViewModel.swift */; };
		AF4ACC402ACCD52A00AB8540 /* HPSearchInputView.swift in Sources */ = {isa = PBXBuildFile; fileRef = AF4ACC3F2ACCD52A00AB8540 /* HPSearchInputView.swift */; };
		AF4ACC422ACCD54900AB8540 /* HPSearchInputViewViewModel.swift in Sources */ = {isa = PBXBuildFile; fileRef = AF4ACC412ACCD54900AB8540 /* HPSearchInputViewViewModel.swift */; };
		AF4ACC442ACF30F400AB8540 /* HPSearchOptionPickerViewController.swift in Sources */ = {isa = PBXBuildFile; fileRef = AF4ACC432ACF30F400AB8540 /* HPSearchOptionPickerViewController.swift */; };
		AF88ADDE2A93C5B300667A11 /* HPCharacterListViewViewModel .swift in Sources */ = {isa = PBXBuildFile; fileRef = AF88ADDD2A93C5B300667A11 /* HPCharacterListViewViewModel .swift */; };
		AF88ADE02A93C61A00667A11 /* HPCharacterListView.swift in Sources */ = {isa = PBXBuildFile; fileRef = AF88ADDF2A93C61A00667A11 /* HPCharacterListView.swift */; };
		AF88ADE22A93CD7600667A11 /* Extensions.swift in Sources */ = {isa = PBXBuildFile; fileRef = AF88ADE12A93CD7600667A11 /* Extensions.swift */; };
		AF88AE042A97EFFF00667A11 /* HPCharacterDetailViewController.swift in Sources */ = {isa = PBXBuildFile; fileRef = AF88AE032A97EFFF00667A11 /* HPCharacterDetailViewController.swift */; };
		AF88AE062A97F17C00667A11 /* HPCharacterDetailView.swift in Sources */ = {isa = PBXBuildFile; fileRef = AF88AE052A97F17C00667A11 /* HPCharacterDetailView.swift */; };
		AF88AE082A97F19D00667A11 /* HPCharacterDetailViewViewModel.swift in Sources */ = {isa = PBXBuildFile; fileRef = AF88AE072A97F19D00667A11 /* HPCharacterDetailViewViewModel.swift */; };
		AF88AE0A2A97F7F800667A11 /* HPFooterLoadingCollectionReusableView.swift in Sources */ = {isa = PBXBuildFile; fileRef = AF88AE092A97F7F800667A11 /* HPFooterLoadingCollectionReusableView.swift */; };
		AF88AE0C2A994F9800667A11 /* Constants.swift in Sources */ = {isa = PBXBuildFile; fileRef = AF88AE0B2A994F9800667A11 /* Constants.swift */; };
		AF88AE0E2A99534700667A11 /* HPImageManager.swift in Sources */ = {isa = PBXBuildFile; fileRef = AF88AE0D2A99534700667A11 /* HPImageManager.swift */; };
		AF88AE132AA2A7AC00667A11 /* HPPhotoCollectionViewCell.swift in Sources */ = {isa = PBXBuildFile; fileRef = AF88AE122AA2A7AC00667A11 /* HPPhotoCollectionViewCell.swift */; };
		AF88AE152AA2A7CB00667A11 /* HPInfoCollectionViewCell.swift in Sources */ = {isa = PBXBuildFile; fileRef = AF88AE142AA2A7CB00667A11 /* HPInfoCollectionViewCell.swift */; };
		AF88AE172AA2A7F800667A11 /* HPCharacterFamilyMemberCollectionViewCell.swift in Sources */ = {isa = PBXBuildFile; fileRef = AF88AE162AA2A7F800667A11 /* HPCharacterFamilyMemberCollectionViewCell.swift */; };
		AF88AE1A2AA2A84F00667A11 /* HPPhotoCollectionViewCellViewModel.swift in Sources */ = {isa = PBXBuildFile; fileRef = AF88AE192AA2A84F00667A11 /* HPPhotoCollectionViewCellViewModel.swift */; };
		AF88AE1C2AA2A86D00667A11 /* HPInfoCollectionViewCellViewModel.swift in Sources */ = {isa = PBXBuildFile; fileRef = AF88AE1B2AA2A86D00667A11 /* HPInfoCollectionViewCellViewModel.swift */; };
		AF88AE1E2AA2A88600667A11 /* HPCharacterFamilyMemberCollectionViewCellViewModel.swift in Sources */ = {isa = PBXBuildFile; fileRef = AF88AE1D2AA2A88600667A11 /* HPCharacterFamilyMemberCollectionViewCellViewModel.swift */; };
		AF88AE7B2AB90A8500667A11 /* HPAPICacheManager.swift in Sources */ = {isa = PBXBuildFile; fileRef = AF88AE7A2AB90A8500667A11 /* HPAPICacheManager.swift */; };
		AF88AE812ABA3A8200667A11 /* HPGetSpellsResponse.swift in Sources */ = {isa = PBXBuildFile; fileRef = AF88AE802ABA3A8200667A11 /* HPGetSpellsResponse.swift */; };
		AF88AE842ABA3B2B00667A11 /* HPMeta.swift in Sources */ = {isa = PBXBuildFile; fileRef = AF88AE832ABA3B2B00667A11 /* HPMeta.swift */; };
		AF88AE862ABA3B5200667A11 /* HPPagination.swift in Sources */ = {isa = PBXBuildFile; fileRef = AF88AE852ABA3B5200667A11 /* HPPagination.swift */; };
		AF88AE882ABA3B6700667A11 /* HPLinks.swift in Sources */ = {isa = PBXBuildFile; fileRef = AF88AE872ABA3B6700667A11 /* HPLinks.swift */; };
		AF88AE8B2ABA460300667A11 /* HPCollectionViewCell.swift in Sources */ = {isa = PBXBuildFile; fileRef = AF88AE8A2ABA460300667A11 /* HPCollectionViewCell.swift */; };
		AF88AE8E2ABA468B00667A11 /* HPCollectionViewCellViewModel.swift in Sources */ = {isa = PBXBuildFile; fileRef = AF88AE8D2ABA468B00667A11 /* HPCollectionViewCellViewModel.swift */; };
		AF88AE912ABA500300667A11 /* HPSpellListViewViewModel.swift in Sources */ = {isa = PBXBuildFile; fileRef = AF88AE902ABA500300667A11 /* HPSpellListViewViewModel.swift */; };
		AF88AE932ABA523200667A11 /* HPSpellListView.swift in Sources */ = {isa = PBXBuildFile; fileRef = AF88AE922ABA523200667A11 /* HPSpellListView.swift */; };
		AFB3CE852ABB80A3006601DC /* HPSpellDetailViewController.swift in Sources */ = {isa = PBXBuildFile; fileRef = AFB3CE842ABB80A3006601DC /* HPSpellDetailViewController.swift */; };
		AFB3CE882ABB81F4006601DC /* HPSpellDetailView.swift in Sources */ = {isa = PBXBuildFile; fileRef = AFB3CE872ABB81F4006601DC /* HPSpellDetailView.swift */; };
		AFB3CE8B2ABB8492006601DC /* HPSpellDetailViewViewModel.swift in Sources */ = {isa = PBXBuildFile; fileRef = AFB3CE8A2ABB8492006601DC /* HPSpellDetailViewViewModel.swift */; };
		AFF4D7BD2A8E9753000E6339 /* AppDelegate.swift in Sources */ = {isa = PBXBuildFile; fileRef = AFF4D7BC2A8E9753000E6339 /* AppDelegate.swift */; };
		AFF4D7BF2A8E9753000E6339 /* SceneDelegate.swift in Sources */ = {isa = PBXBuildFile; fileRef = AFF4D7BE2A8E9753000E6339 /* SceneDelegate.swift */; };
		AFF4D7C12A8E9753000E6339 /* HPTabBarController.swift in Sources */ = {isa = PBXBuildFile; fileRef = AFF4D7C02A8E9753000E6339 /* HPTabBarController.swift */; };
		AFF4D7C62A8E9753000E6339 /* Assets.xcassets in Resources */ = {isa = PBXBuildFile; fileRef = AFF4D7C52A8E9753000E6339 /* Assets.xcassets */; };
		AFF4D7C92A8E9753000E6339 /* LaunchScreen.storyboard in Resources */ = {isa = PBXBuildFile; fileRef = AFF4D7C72A8E9753000E6339 /* LaunchScreen.storyboard */; };
		AFF4D7D82A8E9A20000E6339 /* HPCharacter.swift in Sources */ = {isa = PBXBuildFile; fileRef = AFF4D7D72A8E9A20000E6339 /* HPCharacter.swift */; };
		AFF4D7DB2A8E9A4F000E6339 /* HPSpell.swift in Sources */ = {isa = PBXBuildFile; fileRef = AFF4D7DA2A8E9A4F000E6339 /* HPSpell.swift */; };
		AFF4D7DE2A8E9B3B000E6339 /* HPCharacterViewController.swift in Sources */ = {isa = PBXBuildFile; fileRef = AFF4D7DD2A8E9B3B000E6339 /* HPCharacterViewController.swift */; };
		AFF4D7E02A8E9B5B000E6339 /* HPSpellViewController.swift in Sources */ = {isa = PBXBuildFile; fileRef = AFF4D7DF2A8E9B5B000E6339 /* HPSpellViewController.swift */; };
		AFF4D7E22A8EA1C7000E6339 /* HPService.swift in Sources */ = {isa = PBXBuildFile; fileRef = AFF4D7E12A8EA1C7000E6339 /* HPService.swift */; };
		AFF4D7E42A8EA1E1000E6339 /* HPRequest.swift in Sources */ = {isa = PBXBuildFile; fileRef = AFF4D7E32A8EA1E1000E6339 /* HPRequest.swift */; };
		AFF4D7E62A8EA3ED000E6339 /* HPEndpoint.swift in Sources */ = {isa = PBXBuildFile; fileRef = AFF4D7E52A8EA3ED000E6339 /* HPEndpoint.swift */; };
		AFF4D7EA2A8ECB63000E6339 /* HPGetCharactersResponse.swift in Sources */ = {isa = PBXBuildFile; fileRef = AFF4D7E92A8ECB63000E6339 /* HPGetCharactersResponse.swift */; };
/* End PBXBuildFile section */

/* Begin PBXFileReference section */
		0BF172E57AA8E52A472CC23A /* Pods_HarryPotter.framework */ = {isa = PBXFileReference; explicitFileType = wrapper.framework; includeInIndex = 0; path = Pods_HarryPotter.framework; sourceTree = BUILT_PRODUCTS_DIR; };
		4A871519C81742868634757C /* Pods-HarryPotter.debug.xcconfig */ = {isa = PBXFileReference; includeInIndex = 1; lastKnownFileType = text.xcconfig; name = "Pods-HarryPotter.debug.xcconfig"; path = "Target Support Files/Pods-HarryPotter/Pods-HarryPotter.debug.xcconfig"; sourceTree = "<group>"; };
		A0378307E42D9224EA17995F /* Pods-HarryPotter.release.xcconfig */ = {isa = PBXFileReference; includeInIndex = 1; lastKnownFileType = text.xcconfig; name = "Pods-HarryPotter.release.xcconfig"; path = "Target Support Files/Pods-HarryPotter/Pods-HarryPotter.release.xcconfig"; sourceTree = "<group>"; };
		AF4ACC0D2AC380E900AB8540 /* HPSpellInfoListViewCellViewModel.swift */ = {isa = PBXFileReference; lastKnownFileType = sourcecode.swift; path = HPSpellInfoListViewCellViewModel.swift; sourceTree = "<group>"; };
		AF4ACC112AC3DB8300AB8540 /* HPGetPotionsResponse.swift */ = {isa = PBXFileReference; lastKnownFileType = sourcecode.swift; path = HPGetPotionsResponse.swift; sourceTree = "<group>"; };
		AF4ACC132AC3DBBF00AB8540 /* HPPotion.swift */ = {isa = PBXFileReference; lastKnownFileType = sourcecode.swift; path = HPPotion.swift; sourceTree = "<group>"; };
		AF4ACC152AC4BD1A00AB8540 /* HPPotionViewController.swift */ = {isa = PBXFileReference; lastKnownFileType = sourcecode.swift; path = HPPotionViewController.swift; sourceTree = "<group>"; };
		AF4ACC182AC4BE0B00AB8540 /* HPPotionListView.swift */ = {isa = PBXFileReference; lastKnownFileType = sourcecode.swift; path = HPPotionListView.swift; sourceTree = "<group>"; };
		AF4ACC1B2AC4BEE400AB8540 /* HPPotionListViewViewModel.swift */ = {isa = PBXFileReference; lastKnownFileType = sourcecode.swift; path = HPPotionListViewViewModel.swift; sourceTree = "<group>"; };
		AF4ACC1D2AC4C3B400AB8540 /* HPPotionDetailViewController.swift */ = {isa = PBXFileReference; lastKnownFileType = sourcecode.swift; path = HPPotionDetailViewController.swift; sourceTree = "<group>"; };
		AF4ACC202AC4C45A00AB8540 /* HPPotionDetailView.swift */ = {isa = PBXFileReference; lastKnownFileType = sourcecode.swift; path = HPPotionDetailView.swift; sourceTree = "<group>"; };
		AF4ACC232AC4C4B900AB8540 /* HPPotionDetailViewViewModel.swift */ = {isa = PBXFileReference; lastKnownFileType = sourcecode.swift; path = HPPotionDetailViewViewModel.swift; sourceTree = "<group>"; };
		AF4ACC252AC4D1A600AB8540 /* HPSearchViewController.swift */ = {isa = PBXFileReference; lastKnownFileType = sourcecode.swift; path = HPSearchViewController.swift; sourceTree = "<group>"; };
		AF4ACC272AC7495700AB8540 /* HPSettingsViewController.swift */ = {isa = PBXFileReference; lastKnownFileType = sourcecode.swift; path = HPSettingsViewController.swift; sourceTree = "<group>"; };
		AF4ACC2A2AC749A200AB8540 /* HPSettingsViewViewModel.swift */ = {isa = PBXFileReference; lastKnownFileType = sourcecode.swift; path = HPSettingsViewViewModel.swift; sourceTree = "<group>"; };
		AF4ACC2C2AC749FF00AB8540 /* HPSettingsCellViewModel.swift */ = {isa = PBXFileReference; lastKnownFileType = sourcecode.swift; path = HPSettingsCellViewModel.swift; sourceTree = "<group>"; };
		AF4ACC2E2AC74AA300AB8540 /* HPSettingsOption.swift */ = {isa = PBXFileReference; lastKnownFileType = sourcecode.swift; path = HPSettingsOption.swift; sourceTree = "<group>"; };
		AF4ACC312AC74FEE00AB8540 /* HPSettingsView.swift */ = {isa = PBXFileReference; lastKnownFileType = sourcecode.swift; path = HPSettingsView.swift; sourceTree = "<group>"; };
		AF4ACC332ACCC75A00AB8540 /* SplashViewController.swift */ = {isa = PBXFileReference; lastKnownFileType = sourcecode.swift; path = SplashViewController.swift; sourceTree = "<group>"; };
		AF4ACC362ACCD1BA00AB8540 /* HPSearchView.swift */ = {isa = PBXFileReference; lastKnownFileType = sourcecode.swift; path = HPSearchView.swift; sourceTree = "<group>"; };
		AF4ACC382ACCD23100AB8540 /* HPSearchViewViewModel.swift */ = {isa = PBXFileReference; lastKnownFileType = sourcecode.swift; path = HPSearchViewViewModel.swift; sourceTree = "<group>"; };
		AF4ACC3A2ACCD41A00AB8540 /* HPNoSearchResultsView.swift */ = {isa = PBXFileReference; lastKnownFileType = sourcecode.swift; path = HPNoSearchResultsView.swift; sourceTree = "<group>"; };
		AF4ACC3D2ACCD46200AB8540 /* HPNoSearchResultsViewViewModel.swift */ = {isa = PBXFileReference; lastKnownFileType = sourcecode.swift; path = HPNoSearchResultsViewViewModel.swift; sourceTree = "<group>"; };
		AF4ACC3F2ACCD52A00AB8540 /* HPSearchInputView.swift */ = {isa = PBXFileReference; lastKnownFileType = sourcecode.swift; path = HPSearchInputView.swift; sourceTree = "<group>"; };
		AF4ACC412ACCD54900AB8540 /* HPSearchInputViewViewModel.swift */ = {isa = PBXFileReference; lastKnownFileType = sourcecode.swift; path = HPSearchInputViewViewModel.swift; sourceTree = "<group>"; };
		AF4ACC432ACF30F400AB8540 /* HPSearchOptionPickerViewController.swift */ = {isa = PBXFileReference; lastKnownFileType = sourcecode.swift; path = HPSearchOptionPickerViewController.swift; sourceTree = "<group>"; };
		AF88ADDD2A93C5B300667A11 /* HPCharacterListViewViewModel .swift */ = {isa = PBXFileReference; lastKnownFileType = sourcecode.swift; path = "HPCharacterListViewViewModel .swift"; sourceTree = "<group>"; };
		AF88ADDF2A93C61A00667A11 /* HPCharacterListView.swift */ = {isa = PBXFileReference; lastKnownFileType = sourcecode.swift; path = HPCharacterListView.swift; sourceTree = "<group>"; };
		AF88ADE12A93CD7600667A11 /* Extensions.swift */ = {isa = PBXFileReference; lastKnownFileType = sourcecode.swift; path = Extensions.swift; sourceTree = "<group>"; };
		AF88AE032A97EFFF00667A11 /* HPCharacterDetailViewController.swift */ = {isa = PBXFileReference; lastKnownFileType = sourcecode.swift; path = HPCharacterDetailViewController.swift; sourceTree = "<group>"; };
		AF88AE052A97F17C00667A11 /* HPCharacterDetailView.swift */ = {isa = PBXFileReference; lastKnownFileType = sourcecode.swift; path = HPCharacterDetailView.swift; sourceTree = "<group>"; };
		AF88AE072A97F19D00667A11 /* HPCharacterDetailViewViewModel.swift */ = {isa = PBXFileReference; lastKnownFileType = sourcecode.swift; path = HPCharacterDetailViewViewModel.swift; sourceTree = "<group>"; };
		AF88AE092A97F7F800667A11 /* HPFooterLoadingCollectionReusableView.swift */ = {isa = PBXFileReference; lastKnownFileType = sourcecode.swift; path = HPFooterLoadingCollectionReusableView.swift; sourceTree = "<group>"; };
		AF88AE0B2A994F9800667A11 /* Constants.swift */ = {isa = PBXFileReference; lastKnownFileType = sourcecode.swift; path = Constants.swift; sourceTree = "<group>"; };
		AF88AE0D2A99534700667A11 /* HPImageManager.swift */ = {isa = PBXFileReference; lastKnownFileType = sourcecode.swift; path = HPImageManager.swift; sourceTree = "<group>"; };
		AF88AE122AA2A7AC00667A11 /* HPPhotoCollectionViewCell.swift */ = {isa = PBXFileReference; lastKnownFileType = sourcecode.swift; path = HPPhotoCollectionViewCell.swift; sourceTree = "<group>"; };
		AF88AE142AA2A7CB00667A11 /* HPInfoCollectionViewCell.swift */ = {isa = PBXFileReference; lastKnownFileType = sourcecode.swift; path = HPInfoCollectionViewCell.swift; sourceTree = "<group>"; };
		AF88AE162AA2A7F800667A11 /* HPCharacterFamilyMemberCollectionViewCell.swift */ = {isa = PBXFileReference; lastKnownFileType = sourcecode.swift; path = HPCharacterFamilyMemberCollectionViewCell.swift; sourceTree = "<group>"; };
		AF88AE192AA2A84F00667A11 /* HPPhotoCollectionViewCellViewModel.swift */ = {isa = PBXFileReference; lastKnownFileType = sourcecode.swift; path = HPPhotoCollectionViewCellViewModel.swift; sourceTree = "<group>"; };
		AF88AE1B2AA2A86D00667A11 /* HPInfoCollectionViewCellViewModel.swift */ = {isa = PBXFileReference; lastKnownFileType = sourcecode.swift; path = HPInfoCollectionViewCellViewModel.swift; sourceTree = "<group>"; };
		AF88AE1D2AA2A88600667A11 /* HPCharacterFamilyMemberCollectionViewCellViewModel.swift */ = {isa = PBXFileReference; lastKnownFileType = sourcecode.swift; path = HPCharacterFamilyMemberCollectionViewCellViewModel.swift; sourceTree = "<group>"; };
		AF88AE7A2AB90A8500667A11 /* HPAPICacheManager.swift */ = {isa = PBXFileReference; lastKnownFileType = sourcecode.swift; path = HPAPICacheManager.swift; sourceTree = "<group>"; };
		AF88AE802ABA3A8200667A11 /* HPGetSpellsResponse.swift */ = {isa = PBXFileReference; lastKnownFileType = sourcecode.swift; path = HPGetSpellsResponse.swift; sourceTree = "<group>"; };
		AF88AE832ABA3B2B00667A11 /* HPMeta.swift */ = {isa = PBXFileReference; lastKnownFileType = sourcecode.swift; path = HPMeta.swift; sourceTree = "<group>"; };
		AF88AE852ABA3B5200667A11 /* HPPagination.swift */ = {isa = PBXFileReference; lastKnownFileType = sourcecode.swift; path = HPPagination.swift; sourceTree = "<group>"; };
		AF88AE872ABA3B6700667A11 /* HPLinks.swift */ = {isa = PBXFileReference; lastKnownFileType = sourcecode.swift; path = HPLinks.swift; sourceTree = "<group>"; };
		AF88AE8A2ABA460300667A11 /* HPCollectionViewCell.swift */ = {isa = PBXFileReference; lastKnownFileType = sourcecode.swift; path = HPCollectionViewCell.swift; sourceTree = "<group>"; };
		AF88AE8D2ABA468B00667A11 /* HPCollectionViewCellViewModel.swift */ = {isa = PBXFileReference; lastKnownFileType = sourcecode.swift; path = HPCollectionViewCellViewModel.swift; sourceTree = "<group>"; };
		AF88AE902ABA500300667A11 /* HPSpellListViewViewModel.swift */ = {isa = PBXFileReference; lastKnownFileType = sourcecode.swift; path = HPSpellListViewViewModel.swift; sourceTree = "<group>"; };
		AF88AE922ABA523200667A11 /* HPSpellListView.swift */ = {isa = PBXFileReference; lastKnownFileType = sourcecode.swift; path = HPSpellListView.swift; sourceTree = "<group>"; };
		AFB3CE842ABB80A3006601DC /* HPSpellDetailViewController.swift */ = {isa = PBXFileReference; lastKnownFileType = sourcecode.swift; path = HPSpellDetailViewController.swift; sourceTree = "<group>"; };
		AFB3CE872ABB81F4006601DC /* HPSpellDetailView.swift */ = {isa = PBXFileReference; lastKnownFileType = sourcecode.swift; path = HPSpellDetailView.swift; sourceTree = "<group>"; };
		AFB3CE8A2ABB8492006601DC /* HPSpellDetailViewViewModel.swift */ = {isa = PBXFileReference; lastKnownFileType = sourcecode.swift; path = HPSpellDetailViewViewModel.swift; sourceTree = "<group>"; };
		AFF4D7B92A8E9753000E6339 /* HarryPotter.app */ = {isa = PBXFileReference; explicitFileType = wrapper.application; includeInIndex = 0; path = HarryPotter.app; sourceTree = BUILT_PRODUCTS_DIR; };
		AFF4D7BC2A8E9753000E6339 /* AppDelegate.swift */ = {isa = PBXFileReference; lastKnownFileType = sourcecode.swift; path = AppDelegate.swift; sourceTree = "<group>"; };
		AFF4D7BE2A8E9753000E6339 /* SceneDelegate.swift */ = {isa = PBXFileReference; lastKnownFileType = sourcecode.swift; path = SceneDelegate.swift; sourceTree = "<group>"; };
		AFF4D7C02A8E9753000E6339 /* HPTabBarController.swift */ = {isa = PBXFileReference; lastKnownFileType = sourcecode.swift; path = HPTabBarController.swift; sourceTree = "<group>"; };
		AFF4D7C52A8E9753000E6339 /* Assets.xcassets */ = {isa = PBXFileReference; lastKnownFileType = folder.assetcatalog; path = Assets.xcassets; sourceTree = "<group>"; };
		AFF4D7C82A8E9753000E6339 /* Base */ = {isa = PBXFileReference; lastKnownFileType = file.storyboard; name = Base; path = Base.lproj/LaunchScreen.storyboard; sourceTree = "<group>"; };
		AFF4D7CA2A8E9753000E6339 /* Info.plist */ = {isa = PBXFileReference; lastKnownFileType = text.plist.xml; path = Info.plist; sourceTree = "<group>"; };
		AFF4D7D72A8E9A20000E6339 /* HPCharacter.swift */ = {isa = PBXFileReference; lastKnownFileType = sourcecode.swift; path = HPCharacter.swift; sourceTree = "<group>"; };
		AFF4D7DA2A8E9A4F000E6339 /* HPSpell.swift */ = {isa = PBXFileReference; lastKnownFileType = sourcecode.swift; path = HPSpell.swift; sourceTree = "<group>"; };
		AFF4D7DD2A8E9B3B000E6339 /* HPCharacterViewController.swift */ = {isa = PBXFileReference; lastKnownFileType = sourcecode.swift; path = HPCharacterViewController.swift; sourceTree = "<group>"; };
		AFF4D7DF2A8E9B5B000E6339 /* HPSpellViewController.swift */ = {isa = PBXFileReference; lastKnownFileType = sourcecode.swift; path = HPSpellViewController.swift; sourceTree = "<group>"; };
		AFF4D7E12A8EA1C7000E6339 /* HPService.swift */ = {isa = PBXFileReference; lastKnownFileType = sourcecode.swift; path = HPService.swift; sourceTree = "<group>"; };
		AFF4D7E32A8EA1E1000E6339 /* HPRequest.swift */ = {isa = PBXFileReference; lastKnownFileType = sourcecode.swift; path = HPRequest.swift; sourceTree = "<group>"; };
		AFF4D7E52A8EA3ED000E6339 /* HPEndpoint.swift */ = {isa = PBXFileReference; lastKnownFileType = sourcecode.swift; path = HPEndpoint.swift; sourceTree = "<group>"; };
		AFF4D7E92A8ECB63000E6339 /* HPGetCharactersResponse.swift */ = {isa = PBXFileReference; lastKnownFileType = sourcecode.swift; path = HPGetCharactersResponse.swift; sourceTree = "<group>"; };
/* End PBXFileReference section */

/* Begin PBXFrameworksBuildPhase section */
		AFF4D7B62A8E9753000E6339 /* Frameworks */ = {
			isa = PBXFrameworksBuildPhase;
			buildActionMask = 2147483647;
			files = (
				3953D255D571566D594FC1FC /* Pods_HarryPotter.framework in Frameworks */,
			);
			runOnlyForDeploymentPostprocessing = 0;
		};
/* End PBXFrameworksBuildPhase section */

/* Begin PBXGroup section */
		33A403B02474700FA866EB75 /* Frameworks */ = {
			isa = PBXGroup;
			children = (
				0BF172E57AA8E52A472CC23A /* Pods_HarryPotter.framework */,
			);
			name = Frameworks;
			sourceTree = "<group>";
		};
		86ABA6E38666B03E3ED8B39B /* Pods */ = {
			isa = PBXGroup;
			children = (
				4A871519C81742868634757C /* Pods-HarryPotter.debug.xcconfig */,
				A0378307E42D9224EA17995F /* Pods-HarryPotter.release.xcconfig */,
			);
			path = Pods;
			sourceTree = "<group>";
		};
		AF4ACC172AC4BDE000AB8540 /* Potion List View */ = {
			isa = PBXGroup;
			children = (
				AF4ACC182AC4BE0B00AB8540 /* HPPotionListView.swift */,
			);
			path = "Potion List View";
			sourceTree = "<group>";
		};
		AF4ACC1A2AC4BEC000AB8540 /* Potions List ViewModels */ = {
			isa = PBXGroup;
			children = (
				AF4ACC1B2AC4BEE400AB8540 /* HPPotionListViewViewModel.swift */,
			);
			path = "Potions List ViewModels";
			sourceTree = "<group>";
		};
		AF4ACC1F2AC4C41A00AB8540 /* Potion Detail View */ = {
			isa = PBXGroup;
			children = (
				AF4ACC202AC4C45A00AB8540 /* HPPotionDetailView.swift */,
			);
			path = "Potion Detail View";
			sourceTree = "<group>";
		};
		AF4ACC222AC4C4A800AB8540 /* Potion Details */ = {
			isa = PBXGroup;
			children = (
				AF4ACC232AC4C4B900AB8540 /* HPPotionDetailViewViewModel.swift */,
			);
			path = "Potion Details";
			sourceTree = "<group>";
		};
		AF4ACC292AC7498400AB8540 /* Settings ViewModels */ = {
			isa = PBXGroup;
			children = (
				AF4ACC2A2AC749A200AB8540 /* HPSettingsViewViewModel.swift */,
				AF4ACC2C2AC749FF00AB8540 /* HPSettingsCellViewModel.swift */,
				AF4ACC2E2AC74AA300AB8540 /* HPSettingsOption.swift */,
			);
			path = "Settings ViewModels";
			sourceTree = "<group>";
		};
		AF4ACC302AC74FD400AB8540 /* Settings View */ = {
			isa = PBXGroup;
			children = (
				AF4ACC312AC74FEE00AB8540 /* HPSettingsView.swift */,
			);
			path = "Settings View";
			sourceTree = "<group>";
		};
		AF4ACC352ACCD19800AB8540 /* Search View */ = {
			isa = PBXGroup;
			children = (
				AF4ACC362ACCD1BA00AB8540 /* HPSearchView.swift */,
				AF4ACC3A2ACCD41A00AB8540 /* HPNoSearchResultsView.swift */,
				AF4ACC3F2ACCD52A00AB8540 /* HPSearchInputView.swift */,
			);
			path = "Search View";
			sourceTree = "<group>";
		};
		AF4ACC3C2ACCD43600AB8540 /* Search ViewModels */ = {
			isa = PBXGroup;
			children = (
				AF4ACC382ACCD23100AB8540 /* HPSearchViewViewModel.swift */,
				AF4ACC3D2ACCD46200AB8540 /* HPNoSearchResultsViewViewModel.swift */,
				AF4ACC412ACCD54900AB8540 /* HPSearchInputViewViewModel.swift */,
			);
			path = "Search ViewModels";
			sourceTree = "<group>";
		};
		AF4ACC452ACF328F00AB8540 /* Search */ = {
			isa = PBXGroup;
			children = (
				AF4ACC252AC4D1A600AB8540 /* HPSearchViewController.swift */,
				AF4ACC432ACF30F400AB8540 /* HPSearchOptionPickerViewController.swift */,
			);
			path = Search;
			sourceTree = "<group>";
		};
		AF4ACC462ACF32A800AB8540 /* Detail VCs */ = {
			isa = PBXGroup;
			children = (
				AF88AE032A97EFFF00667A11 /* HPCharacterDetailViewController.swift */,
				AFB3CE842ABB80A3006601DC /* HPSpellDetailViewController.swift */,
				AF4ACC1D2AC4C3B400AB8540 /* HPPotionDetailViewController.swift */,
			);
			path = "Detail VCs";
			sourceTree = "<group>";
		};
		AF88AE022A97EFDC00667A11 /* Other */ = {
			isa = PBXGroup;
			children = (
				AF4ACC462ACF32A800AB8540 /* Detail VCs */,
				AF4ACC452ACF328F00AB8540 /* Search */,
			);
			path = Other;
			sourceTree = "<group>";
		};
		AF88AE0F2AA2A73300667A11 /* Character Detail View */ = {
			isa = PBXGroup;
			children = (
				AF88AE052A97F17C00667A11 /* HPCharacterDetailView.swift */,
				AF88AE162AA2A7F800667A11 /* HPCharacterFamilyMemberCollectionViewCell.swift */,
			);
			path = "Character Detail View";
			sourceTree = "<group>";
		};
		AF88AE112AA2A76B00667A11 /* Character List View */ = {
			isa = PBXGroup;
			children = (
				AF88ADDF2A93C61A00667A11 /* HPCharacterListView.swift */,
			);
			path = "Character List View";
			sourceTree = "<group>";
		};
		AF88AE182AA2A83100667A11 /* Character Details */ = {
			isa = PBXGroup;
			children = (
				AF88AE072A97F19D00667A11 /* HPCharacterDetailViewViewModel.swift */,
				AF88AE1D2AA2A88600667A11 /* HPCharacterFamilyMemberCollectionViewCellViewModel.swift */,
			);
			path = "Character Details";
			sourceTree = "<group>";
		};
		AF88AE1F2AA6941C00667A11 /* Spell List View */ = {
			isa = PBXGroup;
			children = (
				AF88AE922ABA523200667A11 /* HPSpellListView.swift */,
			);
			path = "Spell List View";
			sourceTree = "<group>";
		};
		AF88AE822ABA3B1A00667A11 /* Other */ = {
			isa = PBXGroup;
			children = (
				AF88AE832ABA3B2B00667A11 /* HPMeta.swift */,
				AF88AE852ABA3B5200667A11 /* HPPagination.swift */,
				AF88AE872ABA3B6700667A11 /* HPLinks.swift */,
			);
			path = Other;
			sourceTree = "<group>";
		};
		AF88AE892ABA45CE00667A11 /* Resusable Cells */ = {
			isa = PBXGroup;
			children = (
				AF88AE122AA2A7AC00667A11 /* HPPhotoCollectionViewCell.swift */,
				AF88AE142AA2A7CB00667A11 /* HPInfoCollectionViewCell.swift */,
				AF88AE092A97F7F800667A11 /* HPFooterLoadingCollectionReusableView.swift */,
				AF88AE8A2ABA460300667A11 /* HPCollectionViewCell.swift */,
			);
			path = "Resusable Cells";
			sourceTree = "<group>";
		};
		AF88AE8C2ABA466C00667A11 /* Resusable ViewModels */ = {
			isa = PBXGroup;
			children = (
				AF88AE8D2ABA468B00667A11 /* HPCollectionViewCellViewModel.swift */,
				AF88AE192AA2A84F00667A11 /* HPPhotoCollectionViewCellViewModel.swift */,
				AF88AE1B2AA2A86D00667A11 /* HPInfoCollectionViewCellViewModel.swift */,
			);
			path = "Resusable ViewModels";
			sourceTree = "<group>";
		};
		AF88AE8F2ABA4FB700667A11 /* Spells List ViewModels */ = {
			isa = PBXGroup;
			children = (
				AF88AE902ABA500300667A11 /* HPSpellListViewViewModel.swift */,
			);
			path = "Spells List ViewModels";
			sourceTree = "<group>";
		};
		AF88AE942ABA554700667A11 /* Characters List ViewModels */ = {
			isa = PBXGroup;
			children = (
				AF88ADDD2A93C5B300667A11 /* HPCharacterListViewViewModel .swift */,
			);
			path = "Characters List ViewModels";
			sourceTree = "<group>";
		};
		AFB3CE862ABB816F006601DC /* Spell Detail View */ = {
			isa = PBXGroup;
			children = (
				AFB3CE872ABB81F4006601DC /* HPSpellDetailView.swift */,
			);
			path = "Spell Detail View";
			sourceTree = "<group>";
		};
		AFB3CE892ABB8479006601DC /* Spell Details */ = {
			isa = PBXGroup;
			children = (
				AFB3CE8A2ABB8492006601DC /* HPSpellDetailViewViewModel.swift */,
				AF4ACC0D2AC380E900AB8540 /* HPSpellInfoListViewCellViewModel.swift */,
			);
			path = "Spell Details";
			sourceTree = "<group>";
		};
		AFF4D7B02A8E9753000E6339 = {
			isa = PBXGroup;
			children = (
				AFF4D7BB2A8E9753000E6339 /* HarryPotter */,
				AFF4D7BA2A8E9753000E6339 /* Products */,
				86ABA6E38666B03E3ED8B39B /* Pods */,
				33A403B02474700FA866EB75 /* Frameworks */,
			);
			sourceTree = "<group>";
		};
		AFF4D7BA2A8E9753000E6339 /* Products */ = {
			isa = PBXGroup;
			children = (
				AFF4D7B92A8E9753000E6339 /* HarryPotter.app */,
			);
			name = Products;
			sourceTree = "<group>";
		};
		AFF4D7BB2A8E9753000E6339 /* HarryPotter */ = {
			isa = PBXGroup;
			children = (
				AFF4D7D62A8E9982000E6339 /* Resources */,
				AFF4D7D52A8E997C000E6339 /* Managers */,
				AFF4D7D42A8E9974000E6339 /* APIClient */,
				AFF4D7D22A8E9965000E6339 /* ViewModels */,
				AFF4D7D32A8E996F000E6339 /* Views */,
				AFF4D7D12A8E9960000E6339 /* Models */,
				AFF4D7D02A8E9955000E6339 /* Controllers */,
				AFF4D7CA2A8E9753000E6339 /* Info.plist */,
			);
			path = HarryPotter;
			sourceTree = "<group>";
		};
		AFF4D7D02A8E9955000E6339 /* Controllers */ = {
			isa = PBXGroup;
			children = (
				AF88AE022A97EFDC00667A11 /* Other */,
				AFF4D7DC2A8E9B11000E6339 /* Core */,
			);
			path = Controllers;
			sourceTree = "<group>";
		};
		AFF4D7D12A8E9960000E6339 /* Models */ = {
			isa = PBXGroup;
			children = (
				AF88AE822ABA3B1A00667A11 /* Other */,
				AFF4D7E82A8ECB3D000E6339 /* APIResponseTypes */,
				AFF4D7E72A8ECB21000E6339 /* DataTypes */,
			);
			path = Models;
			sourceTree = "<group>";
		};
		AFF4D7D22A8E9965000E6339 /* ViewModels */ = {
			isa = PBXGroup;
			children = (
				AF4ACC3C2ACCD43600AB8540 /* Search ViewModels */,
				AF88AE8C2ABA466C00667A11 /* Resusable ViewModels */,
				AF88AE942ABA554700667A11 /* Characters List ViewModels */,
				AF88AE8F2ABA4FB700667A11 /* Spells List ViewModels */,
				AF4ACC1A2AC4BEC000AB8540 /* Potions List ViewModels */,
				AF4ACC292AC7498400AB8540 /* Settings ViewModels */,
				AF88AE182AA2A83100667A11 /* Character Details */,
				AFB3CE892ABB8479006601DC /* Spell Details */,
				AF4ACC222AC4C4A800AB8540 /* Potion Details */,
			);
			path = ViewModels;
			sourceTree = "<group>";
		};
		AFF4D7D32A8E996F000E6339 /* Views */ = {
			isa = PBXGroup;
			children = (
				AF4ACC352ACCD19800AB8540 /* Search View */,
				AF4ACC302AC74FD400AB8540 /* Settings View */,
				AF88AE892ABA45CE00667A11 /* Resusable Cells */,
				AF88AE112AA2A76B00667A11 /* Character List View */,
				AF88AE1F2AA6941C00667A11 /* Spell List View */,
				AF4ACC172AC4BDE000AB8540 /* Potion List View */,
				AF88AE0F2AA2A73300667A11 /* Character Detail View */,
				AFB3CE862ABB816F006601DC /* Spell Detail View */,
				AF4ACC1F2AC4C41A00AB8540 /* Potion Detail View */,
			);
			path = Views;
			sourceTree = "<group>";
		};
		AFF4D7D42A8E9974000E6339 /* APIClient */ = {
			isa = PBXGroup;
			children = (
				AFF4D7E12A8EA1C7000E6339 /* HPService.swift */,
				AFF4D7E32A8EA1E1000E6339 /* HPRequest.swift */,
				AFF4D7E52A8EA3ED000E6339 /* HPEndpoint.swift */,
			);
			path = APIClient;
			sourceTree = "<group>";
		};
		AFF4D7D52A8E997C000E6339 /* Managers */ = {
			isa = PBXGroup;
			children = (
				AF88AE0D2A99534700667A11 /* HPImageManager.swift */,
				AF88AE7A2AB90A8500667A11 /* HPAPICacheManager.swift */,
			);
			path = Managers;
			sourceTree = "<group>";
		};
		AFF4D7D62A8E9982000E6339 /* Resources */ = {
			isa = PBXGroup;
			children = (
				AFF4D7BC2A8E9753000E6339 /* AppDelegate.swift */,
				AFF4D7BE2A8E9753000E6339 /* SceneDelegate.swift */,
				AFF4D7C52A8E9753000E6339 /* Assets.xcassets */,
				AFF4D7C72A8E9753000E6339 /* LaunchScreen.storyboard */,
				AF88ADE12A93CD7600667A11 /* Extensions.swift */,
				AF88AE0B2A994F9800667A11 /* Constants.swift */,
			);
			path = Resources;
			sourceTree = "<group>";
		};
		AFF4D7DC2A8E9B11000E6339 /* Core */ = {
			isa = PBXGroup;
			children = (
				AFF4D7C02A8E9753000E6339 /* HPTabBarController.swift */,
				AFF4D7DD2A8E9B3B000E6339 /* HPCharacterViewController.swift */,
				AFF4D7DF2A8E9B5B000E6339 /* HPSpellViewController.swift */,
				AF4ACC152AC4BD1A00AB8540 /* HPPotionViewController.swift */,
				AF4ACC272AC7495700AB8540 /* HPSettingsViewController.swift */,
				AF4ACC332ACCC75A00AB8540 /* SplashViewController.swift */,
			);
			path = Core;
			sourceTree = "<group>";
		};
		AFF4D7E72A8ECB21000E6339 /* DataTypes */ = {
			isa = PBXGroup;
			children = (
				AFF4D7D72A8E9A20000E6339 /* HPCharacter.swift */,
				AFF4D7DA2A8E9A4F000E6339 /* HPSpell.swift */,
				AF4ACC132AC3DBBF00AB8540 /* HPPotion.swift */,
			);
			path = DataTypes;
			sourceTree = "<group>";
		};
		AFF4D7E82A8ECB3D000E6339 /* APIResponseTypes */ = {
			isa = PBXGroup;
			children = (
				AFF4D7E92A8ECB63000E6339 /* HPGetCharactersResponse.swift */,
				AF88AE802ABA3A8200667A11 /* HPGetSpellsResponse.swift */,
				AF4ACC112AC3DB8300AB8540 /* HPGetPotionsResponse.swift */,
			);
			path = APIResponseTypes;
			sourceTree = "<group>";
		};
/* End PBXGroup section */

/* Begin PBXNativeTarget section */
		AFF4D7B82A8E9753000E6339 /* HarryPotter */ = {
			isa = PBXNativeTarget;
			buildConfigurationList = AFF4D7CD2A8E9753000E6339 /* Build configuration list for PBXNativeTarget "HarryPotter" */;
			buildPhases = (
				C0ED2BAC25282D1CCF917051 /* [CP] Check Pods Manifest.lock */,
				AFF4D7B52A8E9753000E6339 /* Sources */,
				AFF4D7B62A8E9753000E6339 /* Frameworks */,
				AFF4D7B72A8E9753000E6339 /* Resources */,
				2321F6BE0D775DC8A7DBE72B /* [CP] Embed Pods Frameworks */,
			);
			buildRules = (
			);
			dependencies = (
			);
			name = HarryPotter;
			productName = HarryPotter;
			productReference = AFF4D7B92A8E9753000E6339 /* HarryPotter.app */;
			productType = "com.apple.product-type.application";
		};
/* End PBXNativeTarget section */

/* Begin PBXProject section */
		AFF4D7B12A8E9753000E6339 /* Project object */ = {
			isa = PBXProject;
			attributes = {
				BuildIndependentTargetsInParallel = 1;
				LastSwiftUpdateCheck = 1430;
				LastUpgradeCheck = 1430;
				TargetAttributes = {
					AFF4D7B82A8E9753000E6339 = {
						CreatedOnToolsVersion = 14.3.1;
					};
				};
			};
			buildConfigurationList = AFF4D7B42A8E9753000E6339 /* Build configuration list for PBXProject "HarryPotter" */;
			compatibilityVersion = "Xcode 14.0";
			developmentRegion = en;
			hasScannedForEncodings = 0;
			knownRegions = (
				en,
				Base,
			);
			mainGroup = AFF4D7B02A8E9753000E6339;
			productRefGroup = AFF4D7BA2A8E9753000E6339 /* Products */;
			projectDirPath = "";
			projectRoot = "";
			targets = (
				AFF4D7B82A8E9753000E6339 /* HarryPotter */,
			);
		};
/* End PBXProject section */

/* Begin PBXResourcesBuildPhase section */
		AFF4D7B72A8E9753000E6339 /* Resources */ = {
			isa = PBXResourcesBuildPhase;
			buildActionMask = 2147483647;
			files = (
				AFF4D7C92A8E9753000E6339 /* LaunchScreen.storyboard in Resources */,
				AFF4D7C62A8E9753000E6339 /* Assets.xcassets in Resources */,
			);
			runOnlyForDeploymentPostprocessing = 0;
		};
/* End PBXResourcesBuildPhase section */

/* Begin PBXShellScriptBuildPhase section */
		2321F6BE0D775DC8A7DBE72B /* [CP] Embed Pods Frameworks */ = {
			isa = PBXShellScriptBuildPhase;
			buildActionMask = 2147483647;
			files = (
			);
			inputFileListPaths = (
				"${PODS_ROOT}/Target Support Files/Pods-HarryPotter/Pods-HarryPotter-frameworks-${CONFIGURATION}-input-files.xcfilelist",
			);
			name = "[CP] Embed Pods Frameworks";
			outputFileListPaths = (
				"${PODS_ROOT}/Target Support Files/Pods-HarryPotter/Pods-HarryPotter-frameworks-${CONFIGURATION}-output-files.xcfilelist",
			);
			runOnlyForDeploymentPostprocessing = 0;
			shellPath = /bin/sh;
			shellScript = "\"${PODS_ROOT}/Target Support Files/Pods-HarryPotter/Pods-HarryPotter-frameworks.sh\"\n";
			showEnvVarsInLog = 0;
		};
		C0ED2BAC25282D1CCF917051 /* [CP] Check Pods Manifest.lock */ = {
			isa = PBXShellScriptBuildPhase;
			buildActionMask = 2147483647;
			files = (
			);
			inputFileListPaths = (
			);
			inputPaths = (
				"${PODS_PODFILE_DIR_PATH}/Podfile.lock",
				"${PODS_ROOT}/Manifest.lock",
			);
			name = "[CP] Check Pods Manifest.lock";
			outputFileListPaths = (
			);
			outputPaths = (
				"$(DERIVED_FILE_DIR)/Pods-HarryPotter-checkManifestLockResult.txt",
			);
			runOnlyForDeploymentPostprocessing = 0;
			shellPath = /bin/sh;
			shellScript = "diff \"${PODS_PODFILE_DIR_PATH}/Podfile.lock\" \"${PODS_ROOT}/Manifest.lock\" > /dev/null\nif [ $? != 0 ] ; then\n    # print error to STDERR\n    echo \"error: The sandbox is not in sync with the Podfile.lock. Run 'pod install' or update your CocoaPods installation.\" >&2\n    exit 1\nfi\n# This output is used by Xcode 'outputs' to avoid re-running this script phase.\necho \"SUCCESS\" > \"${SCRIPT_OUTPUT_FILE_0}\"\n";
			showEnvVarsInLog = 0;
		};
/* End PBXShellScriptBuildPhase section */

/* Begin PBXSourcesBuildPhase section */
		AFF4D7B52A8E9753000E6339 /* Sources */ = {
			isa = PBXSourcesBuildPhase;
			buildActionMask = 2147483647;
			files = (
				AF4ACC122AC3DB8300AB8540 /* HPGetPotionsResponse.swift in Sources */,
				AFF4D7EA2A8ECB63000E6339 /* HPGetCharactersResponse.swift in Sources */,
				AF4ACC1E2AC4C3B400AB8540 /* HPPotionDetailViewController.swift in Sources */,
				AF4ACC342ACCC75A00AB8540 /* SplashViewController.swift in Sources */,
				AF88AE082A97F19D00667A11 /* HPCharacterDetailViewViewModel.swift in Sources */,
				AF88AE912ABA500300667A11 /* HPSpellListViewViewModel.swift in Sources */,
				AF88AE842ABA3B2B00667A11 /* HPMeta.swift in Sources */,
				AF88AE882ABA3B6700667A11 /* HPLinks.swift in Sources */,
				AFF4D7C12A8E9753000E6339 /* HPTabBarController.swift in Sources */,
				AFF4D7E42A8EA1E1000E6339 /* HPRequest.swift in Sources */,
				AF4ACC2D2AC749FF00AB8540 /* HPSettingsCellViewModel.swift in Sources */,
				AF4ACC142AC3DBBF00AB8540 /* HPPotion.swift in Sources */,
				AF4ACC192AC4BE0B00AB8540 /* HPPotionListView.swift in Sources */,
				AF88AE812ABA3A8200667A11 /* HPGetSpellsResponse.swift in Sources */,
				AF88AE172AA2A7F800667A11 /* HPCharacterFamilyMemberCollectionViewCell.swift in Sources */,
				AF88AE932ABA523200667A11 /* HPSpellListView.swift in Sources */,
				AFB3CE882ABB81F4006601DC /* HPSpellDetailView.swift in Sources */,
				AF4ACC0E2AC380E900AB8540 /* HPSpellInfoListViewCellViewModel.swift in Sources */,
				AFF4D7E62A8EA3ED000E6339 /* HPEndpoint.swift in Sources */,
				AFF4D7E02A8E9B5B000E6339 /* HPSpellViewController.swift in Sources */,
				AF88AE8E2ABA468B00667A11 /* HPCollectionViewCellViewModel.swift in Sources */,
				AF88AE042A97EFFF00667A11 /* HPCharacterDetailViewController.swift in Sources */,
				AF4ACC262AC4D1A600AB8540 /* HPSearchViewController.swift in Sources */,
				AF88ADE02A93C61A00667A11 /* HPCharacterListView.swift in Sources */,
				AF4ACC422ACCD54900AB8540 /* HPSearchInputViewViewModel.swift in Sources */,
				AF88ADE22A93CD7600667A11 /* Extensions.swift in Sources */,
				AF88AE0E2A99534700667A11 /* HPImageManager.swift in Sources */,
				AF88AE152AA2A7CB00667A11 /* HPInfoCollectionViewCell.swift in Sources */,
				AF4ACC392ACCD23100AB8540 /* HPSearchViewViewModel.swift in Sources */,
				AF88AE1A2AA2A84F00667A11 /* HPPhotoCollectionViewCellViewModel.swift in Sources */,
				AF4ACC2F2AC74AA300AB8540 /* HPSettingsOption.swift in Sources */,
				AF88AE1E2AA2A88600667A11 /* HPCharacterFamilyMemberCollectionViewCellViewModel.swift in Sources */,
				AF4ACC212AC4C45A00AB8540 /* HPPotionDetailView.swift in Sources */,
				AF88AE0A2A97F7F800667A11 /* HPFooterLoadingCollectionReusableView.swift in Sources */,
				AFF4D7DB2A8E9A4F000E6339 /* HPSpell.swift in Sources */,
				AF88AE0C2A994F9800667A11 /* Constants.swift in Sources */,
				AF88AE862ABA3B5200667A11 /* HPPagination.swift in Sources */,
				AFF4D7E22A8EA1C7000E6339 /* HPService.swift in Sources */,
				AF4ACC1C2AC4BEE400AB8540 /* HPPotionListViewViewModel.swift in Sources */,
				AFF4D7DE2A8E9B3B000E6339 /* HPCharacterViewController.swift in Sources */,
				AF88AE8B2ABA460300667A11 /* HPCollectionViewCell.swift in Sources */,
				AF4ACC322AC74FEE00AB8540 /* HPSettingsView.swift in Sources */,
				AF4ACC372ACCD1BA00AB8540 /* HPSearchView.swift in Sources */,
				AFF4D7D82A8E9A20000E6339 /* HPCharacter.swift in Sources */,
				AF4ACC3B2ACCD41A00AB8540 /* HPNoSearchResultsView.swift in Sources */,
				AFF4D7BD2A8E9753000E6339 /* AppDelegate.swift in Sources */,
				AF88ADDE2A93C5B300667A11 /* HPCharacterListViewViewModel .swift in Sources */,
				AFB3CE852ABB80A3006601DC /* HPSpellDetailViewController.swift in Sources */,
				AFF4D7BF2A8E9753000E6339 /* SceneDelegate.swift in Sources */,
				AF4ACC402ACCD52A00AB8540 /* HPSearchInputView.swift in Sources */,
				AF88AE1C2AA2A86D00667A11 /* HPInfoCollectionViewCellViewModel.swift in Sources */,
				AF4ACC2B2AC749A200AB8540 /* HPSettingsViewViewModel.swift in Sources */,
				AF88AE132AA2A7AC00667A11 /* HPPhotoCollectionViewCell.swift in Sources */,
				AF88AE062A97F17C00667A11 /* HPCharacterDetailView.swift in Sources */,
				AF4ACC162AC4BD1A00AB8540 /* HPPotionViewController.swift in Sources */,
				AF4ACC3E2ACCD46200AB8540 /* HPNoSearchResultsViewViewModel.swift in Sources */,
				AF4ACC282AC7495700AB8540 /* HPSettingsViewController.swift in Sources */,
				AF4ACC442ACF30F400AB8540 /* HPSearchOptionPickerViewController.swift in Sources */,
				AF4ACC242AC4C4B900AB8540 /* HPPotionDetailViewViewModel.swift in Sources */,
				AFB3CE8B2ABB8492006601DC /* HPSpellDetailViewViewModel.swift in Sources */,
				AF88AE7B2AB90A8500667A11 /* HPAPICacheManager.swift in Sources */,
			);
			runOnlyForDeploymentPostprocessing = 0;
		};
/* End PBXSourcesBuildPhase section */

/* Begin PBXVariantGroup section */
		AFF4D7C72A8E9753000E6339 /* LaunchScreen.storyboard */ = {
			isa = PBXVariantGroup;
			children = (
				AFF4D7C82A8E9753000E6339 /* Base */,
			);
			name = LaunchScreen.storyboard;
			sourceTree = "<group>";
		};
/* End PBXVariantGroup section */

/* Begin XCBuildConfiguration section */
		AFF4D7CB2A8E9753000E6339 /* Debug */ = {
			isa = XCBuildConfiguration;
			buildSettings = {
				ALWAYS_SEARCH_USER_PATHS = NO;
				CLANG_ANALYZER_NONNULL = YES;
				CLANG_ANALYZER_NUMBER_OBJECT_CONVERSION = YES_AGGRESSIVE;
				CLANG_CXX_LANGUAGE_STANDARD = "gnu++20";
				CLANG_ENABLE_MODULES = YES;
				CLANG_ENABLE_OBJC_ARC = YES;
				CLANG_ENABLE_OBJC_WEAK = YES;
				CLANG_WARN_BLOCK_CAPTURE_AUTORELEASING = YES;
				CLANG_WARN_BOOL_CONVERSION = YES;
				CLANG_WARN_COMMA = YES;
				CLANG_WARN_CONSTANT_CONVERSION = YES;
				CLANG_WARN_DEPRECATED_OBJC_IMPLEMENTATIONS = YES;
				CLANG_WARN_DIRECT_OBJC_ISA_USAGE = YES_ERROR;
				CLANG_WARN_DOCUMENTATION_COMMENTS = YES;
				CLANG_WARN_EMPTY_BODY = YES;
				CLANG_WARN_ENUM_CONVERSION = YES;
				CLANG_WARN_INFINITE_RECURSION = YES;
				CLANG_WARN_INT_CONVERSION = YES;
				CLANG_WARN_NON_LITERAL_NULL_CONVERSION = YES;
				CLANG_WARN_OBJC_IMPLICIT_RETAIN_SELF = YES;
				CLANG_WARN_OBJC_LITERAL_CONVERSION = YES;
				CLANG_WARN_OBJC_ROOT_CLASS = YES_ERROR;
				CLANG_WARN_QUOTED_INCLUDE_IN_FRAMEWORK_HEADER = YES;
				CLANG_WARN_RANGE_LOOP_ANALYSIS = YES;
				CLANG_WARN_STRICT_PROTOTYPES = YES;
				CLANG_WARN_SUSPICIOUS_MOVE = YES;
				CLANG_WARN_UNGUARDED_AVAILABILITY = YES_AGGRESSIVE;
				CLANG_WARN_UNREACHABLE_CODE = YES;
				CLANG_WARN__DUPLICATE_METHOD_MATCH = YES;
				COPY_PHASE_STRIP = NO;
				DEBUG_INFORMATION_FORMAT = dwarf;
				ENABLE_STRICT_OBJC_MSGSEND = YES;
				ENABLE_TESTABILITY = YES;
				GCC_C_LANGUAGE_STANDARD = gnu11;
				GCC_DYNAMIC_NO_PIC = NO;
				GCC_NO_COMMON_BLOCKS = YES;
				GCC_OPTIMIZATION_LEVEL = 0;
				GCC_PREPROCESSOR_DEFINITIONS = (
					"DEBUG=1",
					"$(inherited)",
				);
				GCC_WARN_64_TO_32_BIT_CONVERSION = YES;
				GCC_WARN_ABOUT_RETURN_TYPE = YES_ERROR;
				GCC_WARN_UNDECLARED_SELECTOR = YES;
				GCC_WARN_UNINITIALIZED_AUTOS = YES_AGGRESSIVE;
				GCC_WARN_UNUSED_FUNCTION = YES;
				GCC_WARN_UNUSED_VARIABLE = YES;
				IPHONEOS_DEPLOYMENT_TARGET = 16.4;
				MTL_ENABLE_DEBUG_INFO = INCLUDE_SOURCE;
				MTL_FAST_MATH = YES;
				ONLY_ACTIVE_ARCH = YES;
				SDKROOT = iphoneos;
				SWIFT_ACTIVE_COMPILATION_CONDITIONS = DEBUG;
				SWIFT_OPTIMIZATION_LEVEL = "-Onone";
			};
			name = Debug;
		};
		AFF4D7CC2A8E9753000E6339 /* Release */ = {
			isa = XCBuildConfiguration;
			buildSettings = {
				ALWAYS_SEARCH_USER_PATHS = NO;
				CLANG_ANALYZER_NONNULL = YES;
				CLANG_ANALYZER_NUMBER_OBJECT_CONVERSION = YES_AGGRESSIVE;
				CLANG_CXX_LANGUAGE_STANDARD = "gnu++20";
				CLANG_ENABLE_MODULES = YES;
				CLANG_ENABLE_OBJC_ARC = YES;
				CLANG_ENABLE_OBJC_WEAK = YES;
				CLANG_WARN_BLOCK_CAPTURE_AUTORELEASING = YES;
				CLANG_WARN_BOOL_CONVERSION = YES;
				CLANG_WARN_COMMA = YES;
				CLANG_WARN_CONSTANT_CONVERSION = YES;
				CLANG_WARN_DEPRECATED_OBJC_IMPLEMENTATIONS = YES;
				CLANG_WARN_DIRECT_OBJC_ISA_USAGE = YES_ERROR;
				CLANG_WARN_DOCUMENTATION_COMMENTS = YES;
				CLANG_WARN_EMPTY_BODY = YES;
				CLANG_WARN_ENUM_CONVERSION = YES;
				CLANG_WARN_INFINITE_RECURSION = YES;
				CLANG_WARN_INT_CONVERSION = YES;
				CLANG_WARN_NON_LITERAL_NULL_CONVERSION = YES;
				CLANG_WARN_OBJC_IMPLICIT_RETAIN_SELF = YES;
				CLANG_WARN_OBJC_LITERAL_CONVERSION = YES;
				CLANG_WARN_OBJC_ROOT_CLASS = YES_ERROR;
				CLANG_WARN_QUOTED_INCLUDE_IN_FRAMEWORK_HEADER = YES;
				CLANG_WARN_RANGE_LOOP_ANALYSIS = YES;
				CLANG_WARN_STRICT_PROTOTYPES = YES;
				CLANG_WARN_SUSPICIOUS_MOVE = YES;
				CLANG_WARN_UNGUARDED_AVAILABILITY = YES_AGGRESSIVE;
				CLANG_WARN_UNREACHABLE_CODE = YES;
				CLANG_WARN__DUPLICATE_METHOD_MATCH = YES;
				COPY_PHASE_STRIP = NO;
				DEBUG_INFORMATION_FORMAT = "dwarf-with-dsym";
				ENABLE_NS_ASSERTIONS = NO;
				ENABLE_STRICT_OBJC_MSGSEND = YES;
				GCC_C_LANGUAGE_STANDARD = gnu11;
				GCC_NO_COMMON_BLOCKS = YES;
				GCC_WARN_64_TO_32_BIT_CONVERSION = YES;
				GCC_WARN_ABOUT_RETURN_TYPE = YES_ERROR;
				GCC_WARN_UNDECLARED_SELECTOR = YES;
				GCC_WARN_UNINITIALIZED_AUTOS = YES_AGGRESSIVE;
				GCC_WARN_UNUSED_FUNCTION = YES;
				GCC_WARN_UNUSED_VARIABLE = YES;
				IPHONEOS_DEPLOYMENT_TARGET = 16.4;
				MTL_ENABLE_DEBUG_INFO = NO;
				MTL_FAST_MATH = YES;
				SDKROOT = iphoneos;
				SWIFT_COMPILATION_MODE = wholemodule;
				SWIFT_OPTIMIZATION_LEVEL = "-O";
				VALIDATE_PRODUCT = YES;
			};
			name = Release;
		};
		AFF4D7CE2A8E9753000E6339 /* Debug */ = {
			isa = XCBuildConfiguration;
			baseConfigurationReference = 4A871519C81742868634757C /* Pods-HarryPotter.debug.xcconfig */;
			buildSettings = {
				ASSETCATALOG_COMPILER_APPICON_NAME = AppIcon;
				ASSETCATALOG_COMPILER_GLOBAL_ACCENT_COLOR_NAME = AccentColor;
				CODE_SIGN_STYLE = Automatic;
				CURRENT_PROJECT_VERSION = 1;
				DEVELOPMENT_TEAM = X7DPT956Y2;
				GENERATE_INFOPLIST_FILE = YES;
				INFOPLIST_FILE = HarryPotter/Info.plist;
				INFOPLIST_KEY_UIApplicationSupportsIndirectInputEvents = YES;
				INFOPLIST_KEY_UILaunchStoryboardName = LaunchScreen;
				INFOPLIST_KEY_UISupportedInterfaceOrientations_iPad = "UIInterfaceOrientationPortrait UIInterfaceOrientationPortraitUpsideDown UIInterfaceOrientationLandscapeLeft UIInterfaceOrientationLandscapeRight";
				INFOPLIST_KEY_UISupportedInterfaceOrientations_iPhone = "UIInterfaceOrientationPortrait UIInterfaceOrientationLandscapeLeft UIInterfaceOrientationLandscapeRight";
				LD_RUNPATH_SEARCH_PATHS = (
					"$(inherited)",
					"@executable_path/Frameworks",
				);
				MARKETING_VERSION = 1.0;
				PRODUCT_BUNDLE_IDENTIFIER = com.charityfuntila.HarryPotter;
				PRODUCT_NAME = "$(TARGET_NAME)";
				SWIFT_EMIT_LOC_STRINGS = YES;
				SWIFT_VERSION = 5.0;
				TARGETED_DEVICE_FAMILY = "1,2";
			};
			name = Debug;
		};
		AFF4D7CF2A8E9753000E6339 /* Release */ = {
			isa = XCBuildConfiguration;
			baseConfigurationReference = A0378307E42D9224EA17995F /* Pods-HarryPotter.release.xcconfig */;
			buildSettings = {
				ASSETCATALOG_COMPILER_APPICON_NAME = AppIcon;
				ASSETCATALOG_COMPILER_GLOBAL_ACCENT_COLOR_NAME = AccentColor;
				CODE_SIGN_STYLE = Automatic;
				CURRENT_PROJECT_VERSION = 1;
				DEVELOPMENT_TEAM = X7DPT956Y2;
				GENERATE_INFOPLIST_FILE = YES;
				INFOPLIST_FILE = HarryPotter/Info.plist;
				INFOPLIST_KEY_UIApplicationSupportsIndirectInputEvents = YES;
				INFOPLIST_KEY_UILaunchStoryboardName = LaunchScreen;
				INFOPLIST_KEY_UISupportedInterfaceOrientations_iPad = "UIInterfaceOrientationPortrait UIInterfaceOrientationPortraitUpsideDown UIInterfaceOrientationLandscapeLeft UIInterfaceOrientationLandscapeRight";
				INFOPLIST_KEY_UISupportedInterfaceOrientations_iPhone = "UIInterfaceOrientationPortrait UIInterfaceOrientationLandscapeLeft UIInterfaceOrientationLandscapeRight";
				LD_RUNPATH_SEARCH_PATHS = (
					"$(inherited)",
					"@executable_path/Frameworks",
				);
				MARKETING_VERSION = 1.0;
				PRODUCT_BUNDLE_IDENTIFIER = com.charityfuntila.HarryPotter;
				PRODUCT_NAME = "$(TARGET_NAME)";
				SWIFT_EMIT_LOC_STRINGS = YES;
				SWIFT_VERSION = 5.0;
				TARGETED_DEVICE_FAMILY = "1,2";
			};
			name = Release;
		};
/* End XCBuildConfiguration section */

/* Begin XCConfigurationList section */
		AFF4D7B42A8E9753000E6339 /* Build configuration list for PBXProject "HarryPotter" */ = {
			isa = XCConfigurationList;
			buildConfigurations = (
				AFF4D7CB2A8E9753000E6339 /* Debug */,
				AFF4D7CC2A8E9753000E6339 /* Release */,
			);
			defaultConfigurationIsVisible = 0;
			defaultConfigurationName = Release;
		};
		AFF4D7CD2A8E9753000E6339 /* Build configuration list for PBXNativeTarget "HarryPotter" */ = {
			isa = XCConfigurationList;
			buildConfigurations = (
				AFF4D7CE2A8E9753000E6339 /* Debug */,
				AFF4D7CF2A8E9753000E6339 /* Release */,
			);
			defaultConfigurationIsVisible = 0;
			defaultConfigurationName = Release;
		};
/* End XCConfigurationList section */
	};
	rootObject = AFF4D7B12A8E9753000E6339 /* Project object */;
}
