// !$*UTF8*$!
{
	archiveVersion = 1;
	classes = {
	};
	objectVersion = 56;
	objects = {

/* Begin PBXBuildFile section */
		AF88ADDE2A93C5B300667A11 /* HPCharacterListViewViewModel .swift in Sources */ = {isa = PBXBuildFile; fileRef = AF88ADDD2A93C5B300667A11 /* HPCharacterListViewViewModel .swift */; };
		AF88ADE02A93C61A00667A11 /* HPCharacterListView.swift in Sources */ = {isa = PBXBuildFile; fileRef = AF88ADDF2A93C61A00667A11 /* HPCharacterListView.swift */; };
		AF88ADE22A93CD7600667A11 /* Extentions.swift in Sources */ = {isa = PBXBuildFile; fileRef = AF88ADE12A93CD7600667A11 /* Extentions.swift */; };
		AF88ADE42A93D3C600667A11 /* HPCharacterCollectionViewCell.swift in Sources */ = {isa = PBXBuildFile; fileRef = AF88ADE32A93D3C600667A11 /* HPCharacterCollectionViewCell.swift */; };
		AF88ADE62A93D65E00667A11 /* HPCharacterCollectionViewCellViewModel.swift in Sources */ = {isa = PBXBuildFile; fileRef = AF88ADE52A93D65E00667A11 /* HPCharacterCollectionViewCellViewModel.swift */; };
		AF88AE042A97EFFF00667A11 /* HPCharacterDetailViewController.swift in Sources */ = {isa = PBXBuildFile; fileRef = AF88AE032A97EFFF00667A11 /* HPCharacterDetailViewController.swift */; };
		AF88AE062A97F17C00667A11 /* HPCharacterDetailView.swift in Sources */ = {isa = PBXBuildFile; fileRef = AF88AE052A97F17C00667A11 /* HPCharacterDetailView.swift */; };
		AF88AE082A97F19D00667A11 /* HPCharacterDetailViewViewModel.swift in Sources */ = {isa = PBXBuildFile; fileRef = AF88AE072A97F19D00667A11 /* HPCharacterDetailViewViewModel.swift */; };
		AF88AE0A2A97F7F800667A11 /* HPFooterLoadingCollectionReusableView.swift in Sources */ = {isa = PBXBuildFile; fileRef = AF88AE092A97F7F800667A11 /* HPFooterLoadingCollectionReusableView.swift */; };
		AF88AE0C2A994F9800667A11 /* Constants.swift in Sources */ = {isa = PBXBuildFile; fileRef = AF88AE0B2A994F9800667A11 /* Constants.swift */; };
		AF88AE0E2A99534700667A11 /* HPImageManager.swift in Sources */ = {isa = PBXBuildFile; fileRef = AF88AE0D2A99534700667A11 /* HPImageManager.swift */; };
		AFF4D7BD2A8E9753000E6339 /* AppDelegate.swift in Sources */ = {isa = PBXBuildFile; fileRef = AFF4D7BC2A8E9753000E6339 /* AppDelegate.swift */; };
		AFF4D7BF2A8E9753000E6339 /* SceneDelegate.swift in Sources */ = {isa = PBXBuildFile; fileRef = AFF4D7BE2A8E9753000E6339 /* SceneDelegate.swift */; };
		AFF4D7C12A8E9753000E6339 /* HPTabBarController.swift in Sources */ = {isa = PBXBuildFile; fileRef = AFF4D7C02A8E9753000E6339 /* HPTabBarController.swift */; };
		AFF4D7C62A8E9753000E6339 /* Assets.xcassets in Resources */ = {isa = PBXBuildFile; fileRef = AFF4D7C52A8E9753000E6339 /* Assets.xcassets */; };
		AFF4D7C92A8E9753000E6339 /* LaunchScreen.storyboard in Resources */ = {isa = PBXBuildFile; fileRef = AFF4D7C72A8E9753000E6339 /* LaunchScreen.storyboard */; };
		AFF4D7D82A8E9A20000E6339 /* HPCharacter.swift in Sources */ = {isa = PBXBuildFile; fileRef = AFF4D7D72A8E9A20000E6339 /* HPCharacter.swift */; };
		AFF4D7DB2A8E9A4F000E6339 /* HPSpell.swift in Sources */ = {isa = PBXBuildFile; fileRef = AFF4D7DA2A8E9A4F000E6339 /* HPSpell.swift */; };
		AFF4D7DE2A8E9B3B000E6339 /* HPCharacterViewController.swift in Sources */ = {isa = PBXBuildFile; fileRef = AFF4D7DD2A8E9B3B000E6339 /* HPCharacterViewController.swift */; };
		AFF4D7E02A8E9B5B000E6339 /* HPSpellViewController.swift in Sources */ = {isa = PBXBuildFile; fileRef = AFF4D7DF2A8E9B5B000E6339 /* HPSpellViewController.swift */; };
		AFF4D7E22A8EA1C7000E6339 /* HPService.swift in Sources */ = {isa = PBXBuildFile; fileRef = AFF4D7E12A8EA1C7000E6339 /* HPService.swift */; };
		AFF4D7E42A8EA1E1000E6339 /* HPRequest.swift in Sources */ = {isa = PBXBuildFile; fileRef = AFF4D7E32A8EA1E1000E6339 /* HPRequest.swift */; };
		AFF4D7E62A8EA3ED000E6339 /* HPEndpoint.swift in Sources */ = {isa = PBXBuildFile; fileRef = AFF4D7E52A8EA3ED000E6339 /* HPEndpoint.swift */; };
		AFF4D7EA2A8ECB63000E6339 /* HPGetCharactersResponse.swift in Sources */ = {isa = PBXBuildFile; fileRef = AFF4D7E92A8ECB63000E6339 /* HPGetCharactersResponse.swift */; };
/* End PBXBuildFile section */

/* Begin PBXFileReference section */
		AF88ADDD2A93C5B300667A11 /* HPCharacterListViewViewModel .swift */ = {isa = PBXFileReference; lastKnownFileType = sourcecode.swift; path = "HPCharacterListViewViewModel .swift"; sourceTree = "<group>"; };
		AF88ADDF2A93C61A00667A11 /* HPCharacterListView.swift */ = {isa = PBXFileReference; lastKnownFileType = sourcecode.swift; path = HPCharacterListView.swift; sourceTree = "<group>"; };
		AF88ADE12A93CD7600667A11 /* Extentions.swift */ = {isa = PBXFileReference; lastKnownFileType = sourcecode.swift; path = Extentions.swift; sourceTree = "<group>"; };
		AF88ADE32A93D3C600667A11 /* HPCharacterCollectionViewCell.swift */ = {isa = PBXFileReference; lastKnownFileType = sourcecode.swift; path = HPCharacterCollectionViewCell.swift; sourceTree = "<group>"; };
		AF88ADE52A93D65E00667A11 /* HPCharacterCollectionViewCellViewModel.swift */ = {isa = PBXFileReference; lastKnownFileType = sourcecode.swift; path = HPCharacterCollectionViewCellViewModel.swift; sourceTree = "<group>"; };
		AF88AE032A97EFFF00667A11 /* HPCharacterDetailViewController.swift */ = {isa = PBXFileReference; lastKnownFileType = sourcecode.swift; path = HPCharacterDetailViewController.swift; sourceTree = "<group>"; };
		AF88AE052A97F17C00667A11 /* HPCharacterDetailView.swift */ = {isa = PBXFileReference; lastKnownFileType = sourcecode.swift; path = HPCharacterDetailView.swift; sourceTree = "<group>"; };
		AF88AE072A97F19D00667A11 /* HPCharacterDetailViewViewModel.swift */ = {isa = PBXFileReference; lastKnownFileType = sourcecode.swift; path = HPCharacterDetailViewViewModel.swift; sourceTree = "<group>"; };
		AF88AE092A97F7F800667A11 /* HPFooterLoadingCollectionReusableView.swift */ = {isa = PBXFileReference; lastKnownFileType = sourcecode.swift; path = HPFooterLoadingCollectionReusableView.swift; sourceTree = "<group>"; };
		AF88AE0B2A994F9800667A11 /* Constants.swift */ = {isa = PBXFileReference; lastKnownFileType = sourcecode.swift; path = Constants.swift; sourceTree = "<group>"; };
		AF88AE0D2A99534700667A11 /* HPImageManager.swift */ = {isa = PBXFileReference; lastKnownFileType = sourcecode.swift; path = HPImageManager.swift; sourceTree = "<group>"; };
		AFF4D7B92A8E9753000E6339 /* HarryPotter.app */ = {isa = PBXFileReference; explicitFileType = wrapper.application; includeInIndex = 0; path = HarryPotter.app; sourceTree = BUILT_PRODUCTS_DIR; };
		AFF4D7BC2A8E9753000E6339 /* AppDelegate.swift */ = {isa = PBXFileReference; lastKnownFileType = sourcecode.swift; path = AppDelegate.swift; sourceTree = "<group>"; };
		AFF4D7BE2A8E9753000E6339 /* SceneDelegate.swift */ = {isa = PBXFileReference; lastKnownFileType = sourcecode.swift; path = SceneDelegate.swift; sourceTree = "<group>"; };
		AFF4D7C02A8E9753000E6339 /* HPTabBarController.swift */ = {isa = PBXFileReference; lastKnownFileType = sourcecode.swift; path = HPTabBarController.swift; sourceTree = "<group>"; };
		AFF4D7C52A8E9753000E6339 /* Assets.xcassets */ = {isa = PBXFileReference; lastKnownFileType = folder.assetcatalog; path = Assets.xcassets; sourceTree = "<group>"; };
		AFF4D7C82A8E9753000E6339 /* Base */ = {isa = PBXFileReference; lastKnownFileType = file.storyboard; name = Base; path = Base.lproj/LaunchScreen.storyboard; sourceTree = "<group>"; };
		AFF4D7CA2A8E9753000E6339 /* Info.plist */ = {isa = PBXFileReference; lastKnownFileType = text.plist.xml; path = Info.plist; sourceTree = "<group>"; };
		AFF4D7D72A8E9A20000E6339 /* HPCharacter.swift */ = {isa = PBXFileReference; lastKnownFileType = sourcecode.swift; path = HPCharacter.swift; sourceTree = "<group>"; };
		AFF4D7DA2A8E9A4F000E6339 /* HPSpell.swift */ = {isa = PBXFileReference; lastKnownFileType = sourcecode.swift; path = HPSpell.swift; sourceTree = "<group>"; };
		AFF4D7DD2A8E9B3B000E6339 /* HPCharacterViewController.swift */ = {isa = PBXFileReference; lastKnownFileType = sourcecode.swift; path = HPCharacterViewController.swift; sourceTree = "<group>"; };
		AFF4D7DF2A8E9B5B000E6339 /* HPSpellViewController.swift */ = {isa = PBXFileReference; lastKnownFileType = sourcecode.swift; path = HPSpellViewController.swift; sourceTree = "<group>"; };
		AFF4D7E12A8EA1C7000E6339 /* HPService.swift */ = {isa = PBXFileReference; lastKnownFileType = sourcecode.swift; path = HPService.swift; sourceTree = "<group>"; };
		AFF4D7E32A8EA1E1000E6339 /* HPRequest.swift */ = {isa = PBXFileReference; lastKnownFileType = sourcecode.swift; path = HPRequest.swift; sourceTree = "<group>"; };
		AFF4D7E52A8EA3ED000E6339 /* HPEndpoint.swift */ = {isa = PBXFileReference; lastKnownFileType = sourcecode.swift; path = HPEndpoint.swift; sourceTree = "<group>"; };
		AFF4D7E92A8ECB63000E6339 /* HPGetCharactersResponse.swift */ = {isa = PBXFileReference; lastKnownFileType = sourcecode.swift; path = HPGetCharactersResponse.swift; sourceTree = "<group>"; };
/* End PBXFileReference section */

/* Begin PBXFrameworksBuildPhase section */
		AFF4D7B62A8E9753000E6339 /* Frameworks */ = {
			isa = PBXFrameworksBuildPhase;
			buildActionMask = 2147483647;
			files = (
			);
			runOnlyForDeploymentPostprocessing = 0;
		};
/* End PBXFrameworksBuildPhase section */

/* Begin PBXGroup section */
		AF88AE022A97EFDC00667A11 /* Other */ = {
			isa = PBXGroup;
			children = (
				AF88AE032A97EFFF00667A11 /* HPCharacterDetailViewController.swift */,
			);
			path = Other;
			sourceTree = "<group>";
		};
		AFF4D7B02A8E9753000E6339 = {
			isa = PBXGroup;
			children = (
				AFF4D7BB2A8E9753000E6339 /* HarryPotter */,
				AFF4D7BA2A8E9753000E6339 /* Products */,
			);
			sourceTree = "<group>";
		};
		AFF4D7BA2A8E9753000E6339 /* Products */ = {
			isa = PBXGroup;
			children = (
				AFF4D7B92A8E9753000E6339 /* HarryPotter.app */,
			);
			name = Products;
			sourceTree = "<group>";
		};
		AFF4D7BB2A8E9753000E6339 /* HarryPotter */ = {
			isa = PBXGroup;
			children = (
				AFF4D7D62A8E9982000E6339 /* Resources */,
				AFF4D7D52A8E997C000E6339 /* Managers */,
				AFF4D7D42A8E9974000E6339 /* APIClient */,
				AFF4D7D22A8E9965000E6339 /* ViewModels */,
				AFF4D7D32A8E996F000E6339 /* Views */,
				AFF4D7D12A8E9960000E6339 /* Models */,
				AFF4D7D02A8E9955000E6339 /* Controllers */,
				AFF4D7CA2A8E9753000E6339 /* Info.plist */,
			);
			path = HarryPotter;
			sourceTree = "<group>";
		};
		AFF4D7D02A8E9955000E6339 /* Controllers */ = {
			isa = PBXGroup;
			children = (
				AF88AE022A97EFDC00667A11 /* Other */,
				AFF4D7DC2A8E9B11000E6339 /* Core */,
			);
			path = Controllers;
			sourceTree = "<group>";
		};
		AFF4D7D12A8E9960000E6339 /* Models */ = {
			isa = PBXGroup;
			children = (
				AFF4D7E82A8ECB3D000E6339 /* APIResponseTypes */,
				AFF4D7E72A8ECB21000E6339 /* DataTypes */,
			);
			path = Models;
			sourceTree = "<group>";
		};
		AFF4D7D22A8E9965000E6339 /* ViewModels */ = {
			isa = PBXGroup;
			children = (
				AF88ADDD2A93C5B300667A11 /* HPCharacterListViewViewModel .swift */,
				AF88ADE52A93D65E00667A11 /* HPCharacterCollectionViewCellViewModel.swift */,
				AF88AE072A97F19D00667A11 /* HPCharacterDetailViewViewModel.swift */,
			);
			path = ViewModels;
			sourceTree = "<group>";
		};
		AFF4D7D32A8E996F000E6339 /* Views */ = {
			isa = PBXGroup;
			children = (
				AF88ADDF2A93C61A00667A11 /* HPCharacterListView.swift */,
				AF88ADE32A93D3C600667A11 /* HPCharacterCollectionViewCell.swift */,
				AF88AE052A97F17C00667A11 /* HPCharacterDetailView.swift */,
				AF88AE092A97F7F800667A11 /* HPFooterLoadingCollectionReusableView.swift */,
			);
			path = Views;
			sourceTree = "<group>";
		};
		AFF4D7D42A8E9974000E6339 /* APIClient */ = {
			isa = PBXGroup;
			children = (
				AFF4D7E12A8EA1C7000E6339 /* HPService.swift */,
				AFF4D7E32A8EA1E1000E6339 /* HPRequest.swift */,
				AFF4D7E52A8EA3ED000E6339 /* HPEndpoint.swift */,
			);
			path = APIClient;
			sourceTree = "<group>";
		};
		AFF4D7D52A8E997C000E6339 /* Managers */ = {
			isa = PBXGroup;
			children = (
				AF88AE0D2A99534700667A11 /* HPImageManager.swift */,
			);
			path = Managers;
			sourceTree = "<group>";
		};
		AFF4D7D62A8E9982000E6339 /* Resources */ = {
			isa = PBXGroup;
			children = (
				AFF4D7BC2A8E9753000E6339 /* AppDelegate.swift */,
				AFF4D7BE2A8E9753000E6339 /* SceneDelegate.swift */,
				AFF4D7C52A8E9753000E6339 /* Assets.xcassets */,
				AFF4D7C72A8E9753000E6339 /* LaunchScreen.storyboard */,
				AF88ADE12A93CD7600667A11 /* Extentions.swift */,
				AF88AE0B2A994F9800667A11 /* Constants.swift */,
			);
			path = Resources;
			sourceTree = "<group>";
		};
		AFF4D7DC2A8E9B11000E6339 /* Core */ = {
			isa = PBXGroup;
			children = (
				AFF4D7C02A8E9753000E6339 /* HPTabBarController.swift */,
				AFF4D7DD2A8E9B3B000E6339 /* HPCharacterViewController.swift */,
				AFF4D7DF2A8E9B5B000E6339 /* HPSpellViewController.swift */,
			);
			path = Core;
			sourceTree = "<group>";
		};
		AFF4D7E72A8ECB21000E6339 /* DataTypes */ = {
			isa = PBXGroup;
			children = (
				AFF4D7D72A8E9A20000E6339 /* HPCharacter.swift */,
				AFF4D7DA2A8E9A4F000E6339 /* HPSpell.swift */,
			);
			path = DataTypes;
			sourceTree = "<group>";
		};
		AFF4D7E82A8ECB3D000E6339 /* APIResponseTypes */ = {
			isa = PBXGroup;
			children = (
				AFF4D7E92A8ECB63000E6339 /* HPGetCharactersResponse.swift */,
			);
			path = APIResponseTypes;
			sourceTree = "<group>";
		};
/* End PBXGroup section */

/* Begin PBXNativeTarget section */
		AFF4D7B82A8E9753000E6339 /* HarryPotter */ = {
			isa = PBXNativeTarget;
			buildConfigurationList = AFF4D7CD2A8E9753000E6339 /* Build configuration list for PBXNativeTarget "HarryPotter" */;
			buildPhases = (
				AFF4D7B52A8E9753000E6339 /* Sources */,
				AFF4D7B62A8E9753000E6339 /* Frameworks */,
				AFF4D7B72A8E9753000E6339 /* Resources */,
			);
			buildRules = (
			);
			dependencies = (
			);
			name = HarryPotter;
			productName = HarryPotter;
			productReference = AFF4D7B92A8E9753000E6339 /* HarryPotter.app */;
			productType = "com.apple.product-type.application";
		};
/* End PBXNativeTarget section */

/* Begin PBXProject section */
		AFF4D7B12A8E9753000E6339 /* Project object */ = {
			isa = PBXProject;
			attributes = {
				BuildIndependentTargetsInParallel = 1;
				LastSwiftUpdateCheck = 1430;
				LastUpgradeCheck = 1430;
				TargetAttributes = {
					AFF4D7B82A8E9753000E6339 = {
						CreatedOnToolsVersion = 14.3.1;
					};
				};
			};
			buildConfigurationList = AFF4D7B42A8E9753000E6339 /* Build configuration list for PBXProject "HarryPotter" */;
			compatibilityVersion = "Xcode 14.0";
			developmentRegion = en;
			hasScannedForEncodings = 0;
			knownRegions = (
				en,
				Base,
			);
			mainGroup = AFF4D7B02A8E9753000E6339;
			productRefGroup = AFF4D7BA2A8E9753000E6339 /* Products */;
			projectDirPath = "";
			projectRoot = "";
			targets = (
				AFF4D7B82A8E9753000E6339 /* HarryPotter */,
			);
		};
/* End PBXProject section */

/* Begin PBXResourcesBuildPhase section */
		AFF4D7B72A8E9753000E6339 /* Resources */ = {
			isa = PBXResourcesBuildPhase;
			buildActionMask = 2147483647;
			files = (
				AFF4D7C92A8E9753000E6339 /* LaunchScreen.storyboard in Resources */,
				AFF4D7C62A8E9753000E6339 /* Assets.xcassets in Resources */,
			);
			runOnlyForDeploymentPostprocessing = 0;
		};
/* End PBXResourcesBuildPhase section */

/* Begin PBXSourcesBuildPhase section */
		AFF4D7B52A8E9753000E6339 /* Sources */ = {
			isa = PBXSourcesBuildPhase;
			buildActionMask = 2147483647;
			files = (
				AFF4D7EA2A8ECB63000E6339 /* HPGetCharactersResponse.swift in Sources */,
				AF88AE082A97F19D00667A11 /* HPCharacterDetailViewViewModel.swift in Sources */,
				AFF4D7C12A8E9753000E6339 /* HPTabBarController.swift in Sources */,
				AFF4D7E42A8EA1E1000E6339 /* HPRequest.swift in Sources */,
				AFF4D7E62A8EA3ED000E6339 /* HPEndpoint.swift in Sources */,
				AFF4D7E02A8E9B5B000E6339 /* HPSpellViewController.swift in Sources */,
				AF88AE042A97EFFF00667A11 /* HPCharacterDetailViewController.swift in Sources */,
				AF88ADE02A93C61A00667A11 /* HPCharacterListView.swift in Sources */,
				AF88ADE22A93CD7600667A11 /* Extentions.swift in Sources */,
				AF88AE0E2A99534700667A11 /* HPImageManager.swift in Sources */,
				AF88AE0A2A97F7F800667A11 /* HPFooterLoadingCollectionReusableView.swift in Sources */,
				AFF4D7DB2A8E9A4F000E6339 /* HPSpell.swift in Sources */,
				AF88AE0C2A994F9800667A11 /* Constants.swift in Sources */,
				AF88ADE42A93D3C600667A11 /* HPCharacterCollectionViewCell.swift in Sources */,
				AFF4D7E22A8EA1C7000E6339 /* HPService.swift in Sources */,
				AFF4D7DE2A8E9B3B000E6339 /* HPCharacterViewController.swift in Sources */,
				AFF4D7D82A8E9A20000E6339 /* HPCharacter.swift in Sources */,
				AFF4D7BD2A8E9753000E6339 /* AppDelegate.swift in Sources */,
				AF88ADDE2A93C5B300667A11 /* HPCharacterListViewViewModel .swift in Sources */,
				AFF4D7BF2A8E9753000E6339 /* SceneDelegate.swift in Sources */,
				AF88ADE62A93D65E00667A11 /* HPCharacterCollectionViewCellViewModel.swift in Sources */,
				AF88AE062A97F17C00667A11 /* HPCharacterDetailView.swift in Sources */,
			);
			runOnlyForDeploymentPostprocessing = 0;
		};
/* End PBXSourcesBuildPhase section */

/* Begin PBXVariantGroup section */
		AFF4D7C72A8E9753000E6339 /* LaunchScreen.storyboard */ = {
			isa = PBXVariantGroup;
			children = (
				AFF4D7C82A8E9753000E6339 /* Base */,
			);
			name = LaunchScreen.storyboard;
			sourceTree = "<group>";
		};
/* End PBXVariantGroup section */

/* Begin XCBuildConfiguration section */
		AFF4D7CB2A8E9753000E6339 /* Debug */ = {
			isa = XCBuildConfiguration;
			buildSettings = {
				ALWAYS_SEARCH_USER_PATHS = NO;
				CLANG_ANALYZER_NONNULL = YES;
				CLANG_ANALYZER_NUMBER_OBJECT_CONVERSION = YES_AGGRESSIVE;
				CLANG_CXX_LANGUAGE_STANDARD = "gnu++20";
				CLANG_ENABLE_MODULES = YES;
				CLANG_ENABLE_OBJC_ARC = YES;
				CLANG_ENABLE_OBJC_WEAK = YES;
				CLANG_WARN_BLOCK_CAPTURE_AUTORELEASING = YES;
				CLANG_WARN_BOOL_CONVERSION = YES;
				CLANG_WARN_COMMA = YES;
				CLANG_WARN_CONSTANT_CONVERSION = YES;
				CLANG_WARN_DEPRECATED_OBJC_IMPLEMENTATIONS = YES;
				CLANG_WARN_DIRECT_OBJC_ISA_USAGE = YES_ERROR;
				CLANG_WARN_DOCUMENTATION_COMMENTS = YES;
				CLANG_WARN_EMPTY_BODY = YES;
				CLANG_WARN_ENUM_CONVERSION = YES;
				CLANG_WARN_INFINITE_RECURSION = YES;
				CLANG_WARN_INT_CONVERSION = YES;
				CLANG_WARN_NON_LITERAL_NULL_CONVERSION = YES;
				CLANG_WARN_OBJC_IMPLICIT_RETAIN_SELF = YES;
				CLANG_WARN_OBJC_LITERAL_CONVERSION = YES;
				CLANG_WARN_OBJC_ROOT_CLASS = YES_ERROR;
				CLANG_WARN_QUOTED_INCLUDE_IN_FRAMEWORK_HEADER = YES;
				CLANG_WARN_RANGE_LOOP_ANALYSIS = YES;
				CLANG_WARN_STRICT_PROTOTYPES = YES;
				CLANG_WARN_SUSPICIOUS_MOVE = YES;
				CLANG_WARN_UNGUARDED_AVAILABILITY = YES_AGGRESSIVE;
				CLANG_WARN_UNREACHABLE_CODE = YES;
				CLANG_WARN__DUPLICATE_METHOD_MATCH = YES;
				COPY_PHASE_STRIP = NO;
				DEBUG_INFORMATION_FORMAT = dwarf;
				ENABLE_STRICT_OBJC_MSGSEND = YES;
				ENABLE_TESTABILITY = YES;
				GCC_C_LANGUAGE_STANDARD = gnu11;
				GCC_DYNAMIC_NO_PIC = NO;
				GCC_NO_COMMON_BLOCKS = YES;
				GCC_OPTIMIZATION_LEVEL = 0;
				GCC_PREPROCESSOR_DEFINITIONS = (
					"DEBUG=1",
					"$(inherited)",
				);
				GCC_WARN_64_TO_32_BIT_CONVERSION = YES;
				GCC_WARN_ABOUT_RETURN_TYPE = YES_ERROR;
				GCC_WARN_UNDECLARED_SELECTOR = YES;
				GCC_WARN_UNINITIALIZED_AUTOS = YES_AGGRESSIVE;
				GCC_WARN_UNUSED_FUNCTION = YES;
				GCC_WARN_UNUSED_VARIABLE = YES;
				IPHONEOS_DEPLOYMENT_TARGET = 16.4;
				MTL_ENABLE_DEBUG_INFO = INCLUDE_SOURCE;
				MTL_FAST_MATH = YES;
				ONLY_ACTIVE_ARCH = YES;
				SDKROOT = iphoneos;
				SWIFT_ACTIVE_COMPILATION_CONDITIONS = DEBUG;
				SWIFT_OPTIMIZATION_LEVEL = "-Onone";
			};
			name = Debug;
		};
		AFF4D7CC2A8E9753000E6339 /* Release */ = {
			isa = XCBuildConfiguration;
			buildSettings = {
				ALWAYS_SEARCH_USER_PATHS = NO;
				CLANG_ANALYZER_NONNULL = YES;
				CLANG_ANALYZER_NUMBER_OBJECT_CONVERSION = YES_AGGRESSIVE;
				CLANG_CXX_LANGUAGE_STANDARD = "gnu++20";
				CLANG_ENABLE_MODULES = YES;
				CLANG_ENABLE_OBJC_ARC = YES;
				CLANG_ENABLE_OBJC_WEAK = YES;
				CLANG_WARN_BLOCK_CAPTURE_AUTORELEASING = YES;
				CLANG_WARN_BOOL_CONVERSION = YES;
				CLANG_WARN_COMMA = YES;
				CLANG_WARN_CONSTANT_CONVERSION = YES;
				CLANG_WARN_DEPRECATED_OBJC_IMPLEMENTATIONS = YES;
				CLANG_WARN_DIRECT_OBJC_ISA_USAGE = YES_ERROR;
				CLANG_WARN_DOCUMENTATION_COMMENTS = YES;
				CLANG_WARN_EMPTY_BODY = YES;
				CLANG_WARN_ENUM_CONVERSION = YES;
				CLANG_WARN_INFINITE_RECURSION = YES;
				CLANG_WARN_INT_CONVERSION = YES;
				CLANG_WARN_NON_LITERAL_NULL_CONVERSION = YES;
				CLANG_WARN_OBJC_IMPLICIT_RETAIN_SELF = YES;
				CLANG_WARN_OBJC_LITERAL_CONVERSION = YES;
				CLANG_WARN_OBJC_ROOT_CLASS = YES_ERROR;
				CLANG_WARN_QUOTED_INCLUDE_IN_FRAMEWORK_HEADER = YES;
				CLANG_WARN_RANGE_LOOP_ANALYSIS = YES;
				CLANG_WARN_STRICT_PROTOTYPES = YES;
				CLANG_WARN_SUSPICIOUS_MOVE = YES;
				CLANG_WARN_UNGUARDED_AVAILABILITY = YES_AGGRESSIVE;
				CLANG_WARN_UNREACHABLE_CODE = YES;
				CLANG_WARN__DUPLICATE_METHOD_MATCH = YES;
				COPY_PHASE_STRIP = NO;
				DEBUG_INFORMATION_FORMAT = "dwarf-with-dsym";
				ENABLE_NS_ASSERTIONS = NO;
				ENABLE_STRICT_OBJC_MSGSEND = YES;
				GCC_C_LANGUAGE_STANDARD = gnu11;
				GCC_NO_COMMON_BLOCKS = YES;
				GCC_WARN_64_TO_32_BIT_CONVERSION = YES;
				GCC_WARN_ABOUT_RETURN_TYPE = YES_ERROR;
				GCC_WARN_UNDECLARED_SELECTOR = YES;
				GCC_WARN_UNINITIALIZED_AUTOS = YES_AGGRESSIVE;
				GCC_WARN_UNUSED_FUNCTION = YES;
				GCC_WARN_UNUSED_VARIABLE = YES;
				IPHONEOS_DEPLOYMENT_TARGET = 16.4;
				MTL_ENABLE_DEBUG_INFO = NO;
				MTL_FAST_MATH = YES;
				SDKROOT = iphoneos;
				SWIFT_COMPILATION_MODE = wholemodule;
				SWIFT_OPTIMIZATION_LEVEL = "-O";
				VALIDATE_PRODUCT = YES;
			};
			name = Release;
		};
		AFF4D7CE2A8E9753000E6339 /* Debug */ = {
			isa = XCBuildConfiguration;
			buildSettings = {
				ASSETCATALOG_COMPILER_APPICON_NAME = AppIcon;
				ASSETCATALOG_COMPILER_GLOBAL_ACCENT_COLOR_NAME = AccentColor;
				CODE_SIGN_STYLE = Automatic;
				CURRENT_PROJECT_VERSION = 1;
				DEVELOPMENT_TEAM = X7DPT956Y2;
				GENERATE_INFOPLIST_FILE = YES;
				INFOPLIST_FILE = HarryPotter/Info.plist;
				INFOPLIST_KEY_UIApplicationSupportsIndirectInputEvents = YES;
				INFOPLIST_KEY_UILaunchStoryboardName = LaunchScreen;
				INFOPLIST_KEY_UISupportedInterfaceOrientations_iPad = "UIInterfaceOrientationPortrait UIInterfaceOrientationPortraitUpsideDown UIInterfaceOrientationLandscapeLeft UIInterfaceOrientationLandscapeRight";
				INFOPLIST_KEY_UISupportedInterfaceOrientations_iPhone = "UIInterfaceOrientationPortrait UIInterfaceOrientationLandscapeLeft UIInterfaceOrientationLandscapeRight";
				LD_RUNPATH_SEARCH_PATHS = (
					"$(inherited)",
					"@executable_path/Frameworks",
				);
				MARKETING_VERSION = 1.0;
				PRODUCT_BUNDLE_IDENTIFIER = com.charityfuntila.HarryPotter;
				PRODUCT_NAME = "$(TARGET_NAME)";
				SWIFT_EMIT_LOC_STRINGS = YES;
				SWIFT_VERSION = 5.0;
				TARGETED_DEVICE_FAMILY = "1,2";
			};
			name = Debug;
		};
		AFF4D7CF2A8E9753000E6339 /* Release */ = {
			isa = XCBuildConfiguration;
			buildSettings = {
				ASSETCATALOG_COMPILER_APPICON_NAME = AppIcon;
				ASSETCATALOG_COMPILER_GLOBAL_ACCENT_COLOR_NAME = AccentColor;
				CODE_SIGN_STYLE = Automatic;
				CURRENT_PROJECT_VERSION = 1;
				DEVELOPMENT_TEAM = X7DPT956Y2;
				GENERATE_INFOPLIST_FILE = YES;
				INFOPLIST_FILE = HarryPotter/Info.plist;
				INFOPLIST_KEY_UIApplicationSupportsIndirectInputEvents = YES;
				INFOPLIST_KEY_UILaunchStoryboardName = LaunchScreen;
				INFOPLIST_KEY_UISupportedInterfaceOrientations_iPad = "UIInterfaceOrientationPortrait UIInterfaceOrientationPortraitUpsideDown UIInterfaceOrientationLandscapeLeft UIInterfaceOrientationLandscapeRight";
				INFOPLIST_KEY_UISupportedInterfaceOrientations_iPhone = "UIInterfaceOrientationPortrait UIInterfaceOrientationLandscapeLeft UIInterfaceOrientationLandscapeRight";
				LD_RUNPATH_SEARCH_PATHS = (
					"$(inherited)",
					"@executable_path/Frameworks",
				);
				MARKETING_VERSION = 1.0;
				PRODUCT_BUNDLE_IDENTIFIER = com.charityfuntila.HarryPotter;
				PRODUCT_NAME = "$(TARGET_NAME)";
				SWIFT_EMIT_LOC_STRINGS = YES;
				SWIFT_VERSION = 5.0;
				TARGETED_DEVICE_FAMILY = "1,2";
			};
			name = Release;
		};
/* End XCBuildConfiguration section */

/* Begin XCConfigurationList section */
		AFF4D7B42A8E9753000E6339 /* Build configuration list for PBXProject "HarryPotter" */ = {
			isa = XCConfigurationList;
			buildConfigurations = (
				AFF4D7CB2A8E9753000E6339 /* Debug */,
				AFF4D7CC2A8E9753000E6339 /* Release */,
			);
			defaultConfigurationIsVisible = 0;
			defaultConfigurationName = Release;
		};
		AFF4D7CD2A8E9753000E6339 /* Build configuration list for PBXNativeTarget "HarryPotter" */ = {
			isa = XCConfigurationList;
			buildConfigurations = (
				AFF4D7CE2A8E9753000E6339 /* Debug */,
				AFF4D7CF2A8E9753000E6339 /* Release */,
			);
			defaultConfigurationIsVisible = 0;
			defaultConfigurationName = Release;
		};
/* End XCConfigurationList section */
	};
	rootObject = AFF4D7B12A8E9753000E6339 /* Project object */;
}
